
Microsoft Visual Studio Solution File, Format Version 12.00
# Visual Studio 15
VisualStudioVersion = 15.0.28307.168
MinimumVisualStudioVersion = 10.0.40219.1
Project("{2150E333-8FDC-42A3-9474-1A3956D46DE8}") = "CirOffline", "CirOffline", "{637DFBD9-3790-4FC6-97EF-F4A0A6B04D2E}"
EndProject
Project("{FAE04EC0-301F-11D3-BF4B-00C04F79EFBC}") = "Cir.WebApp.Offline", "Cir.WebApp.Offline\Cir.WebApp.Offline.csproj", "{13F0F003-4A1D-4DAD-8F09-70E5A303D914}"
EndProject
Project("{FAE04EC0-301F-11D3-BF4B-00C04F79EFBC}") = "Cir.Sync.Services", "Cir.Sync.Services\Cir.Sync.Services.csproj", "{4A91ED6A-7269-4DC5-9979-39E21F901404}"
	ProjectSection(ProjectDependencies) = postProject
		{4648B419-C047-4A82-8599-B3741E3DD11E} = {4648B419-C047-4A82-8599-B3741E3DD11E}
	EndProjectSection
EndProject
Project("{FAE04EC0-301F-11D3-BF4B-00C04F79EFBC}") = "Cir.Common", "Cir.Common\Cir.Common.csproj", "{4648B419-C047-4A82-8599-B3741E3DD11E}"
EndProject
Project("{FAE04EC0-301F-11D3-BF4B-00C04F79EFBC}") = "Cir.Sync.Service.Test", "Cir.Sync.Service.Test\Cir.Sync.Service.Test.csproj", "{F4B1F929-2624-468A-A21B-47A04DC312A7}"
	ProjectSection(ProjectDependencies) = postProject
		{4648B419-C047-4A82-8599-B3741E3DD11E} = {4648B419-C047-4A82-8599-B3741E3DD11E}
		{4A91ED6A-7269-4DC5-9979-39E21F901404} = {4A91ED6A-7269-4DC5-9979-39E21F901404}
	EndProjectSection
EndProject
Project("{2150E333-8FDC-42A3-9474-1A3956D46DE8}") = ".nuget", ".nuget", "{0A3F05F7-7CF5-4CD7-8476-FC37D8C7E4E1}"
	ProjectSection(SolutionItems) = preProject
		.nuget\NuGet.Config = .nuget\NuGet.Config
		.nuget\NuGet.exe = .nuget\NuGet.exe
		.nuget\NuGet.targets = .nuget\NuGet.targets
	EndProjectSection
EndProject
Project("{00D1A9C2-B5F0-4AF3-8072-F6C62B433612}") = "CIR.Database", "..\CIM_ComponentInspectionReports\CIR.Database\CIR.Database.sqlproj", "{D907848F-8F27-4AD2-AE79-A830AD084620}"
EndProject
Project("{FAE04EC0-301F-11D3-BF4B-00C04F79EFBC}") = "Cir.Azure.CirSyncJob", "Cir.Azure.CirSyncJob\Cir.Azure.CirSyncJob.csproj", "{5884C45A-B213-4711-AAB5-6553D8AD2590}"
	ProjectSection(ProjectDependencies) = postProject
		{209FA716-A7AD-4095-BD70-C8710FC66FA7} = {209FA716-A7AD-4095-BD70-C8710FC66FA7}
	EndProjectSection
EndProject
Project("{FAE04EC0-301F-11D3-BF4B-00C04F79EFBC}") = "Cir.Azure.MobileApp.Service", "Cir.Azure.MobileApp.Service\Cir.Azure.MobileApp.Service.csproj", "{209FA716-A7AD-4095-BD70-C8710FC66FA7}"
EndProject
Project("{FAE04EC0-301F-11D3-BF4B-00C04F79EFBC}") = "Cir.Data.LLBLGen", "Cir.Data.LLBLGen\Cir.Data.LLBLGen.csproj", "{8FD67E08-8EF6-4586-A91C-A0C6383679A9}"
EndProject
Project("{FAE04EC0-301F-11D3-BF4B-00C04F79EFBC}") = "Cir.Data.LLBLGenDBSpecific", "Cir.Data.LLBLGen\Cir.Data.LLBLGenDBSpecific.csproj", "{BA9E737E-5DA3-4C35-BE5F-4D7EA019D079}"
EndProject
Project("{FAE04EC0-301F-11D3-BF4B-00C04F79EFBC}") = "Cir.Data.Access", "Cir.Data.Access\Cir.Data.Access.csproj", "{8FF0E94C-E925-4020-84B0-A5F23C77E3D1}"
	ProjectSection(ProjectDependencies) = postProject
		{4A91ED6A-7269-4DC5-9979-39E21F901404} = {4A91ED6A-7269-4DC5-9979-39E21F901404}
	EndProjectSection
EndProject
Project("{FAE04EC0-301F-11D3-BF4B-00C04F79EFBC}") = "Cir.Data.Api", "Cir.Data.Api\Cir.Data.Api.csproj", "{AF1A04EE-98FC-4A92-81BC-9743A7F55DBD}"
EndProject
Project("{FAE04EC0-301F-11D3-BF4B-00C04F79EFBC}") = "CirCosmosDataSync", "CirCosmosDataSync\CirCosmosDataSync.csproj", "{6C51AA12-4AFD-4343-A8C4-07A72A45E1DC}"
EndProject
Project("{FAE04EC0-301F-11D3-BF4B-00C04F79EFBC}") = "Cir.ComponentTemplates", "Cir.ComponentTemplates\Cir.ComponentTemplates.csproj", "{E78D0D08-974C-4EB3-BF53-38BB70AA8B53}"
EndProject
Project("{FAE04EC0-301F-11D3-BF4B-00C04F79EFBC}") = "Cir.ComponentTemplates.Test", "Cir.ComponentTemplates.Test\Cir.ComponentTemplates.Test.csproj", "{C2FEDD52-732B-440A-9E4C-46E31D6E1E9E}"
EndProject
Project("{FAE04EC0-301F-11D3-BF4B-00C04F79EFBC}") = "Cir.CloudConvert.Wrapper", "Cir.CloudConvert.Wrapper\Cir.CloudConvert.Wrapper.csproj", "{FF4093B6-88E9-45EB-8503-D25E9BF46AA1}"
EndProject
Project("{FAE04EC0-301F-11D3-BF4B-00C04F79EFBC}") = "CirSQLDataMigration", "CirSQLDataMigration\CirSQLDataMigration.csproj", "{366E0D26-CEA3-4657-9931-3C1974A278CB}"
EndProject
Project("{9A19103F-16F7-4668-BE54-9A1E7A4F7556}") = "Cir.Azure.Functions", "Cir.Azure.Functions\Cir.Azure.Functions.csproj", "{6C40C0B9-736B-49F6-BEC9-C54DAEE0E963}"
EndProject
Project("{9A19103F-16F7-4668-BE54-9A1E7A4F7556}") = "Cir.Repository", "Cir.Repository\Cir.Repository.csproj", "{E7DCEF6D-2BCD-4E63-BFC3-115A833C2FD1}"
EndProject
Project("{9A19103F-16F7-4668-BE54-9A1E7A4F7556}") = "Cir.BlobStorage", "Cir.BlobStorage\Cir.BlobStorage.csproj", "{0959955E-80FD-40D5-BACF-C01919ADBA8C}"
EndProject
Project("{FAE04EC0-301F-11D3-BF4B-00C04F79EFBC}") = "CirCleanUpJob", "CirCleanUpJob\CirCleanUpJob.csproj", "{436B3369-3980-4CD5-9E68-461E40A4FFE2}"
EndProject
Project("{FAE04EC0-301F-11D3-BF4B-00C04F79EFBC}") = "CirLockUnlockJob", "CirLockUnlockJob\CirLockUnlockJob.csproj", "{00C9F471-1C7B-42D2-83CE-79CEBB8D654A}"
EndProject
Project("{FAE04EC0-301F-11D3-BF4B-00C04F79EFBC}") = "CirImageMigrationJob", "CirImageMigrationJob\CirImageMigrationJob.csproj", "{1B7373BE-CDB9-4038-9DA6-753F8A4334F8}"
EndProject
Global
	GlobalSection(SolutionConfigurationPlatforms) = preSolution
		Debug|Any CPU = Debug|Any CPU
		Debug|Mixed Platforms = Debug|Mixed Platforms
		Debug|x86 = Debug|x86
		Dev2|Any CPU = Dev2|Any CPU
		Dev2|Mixed Platforms = Dev2|Mixed Platforms
		Dev2|x86 = Dev2|x86
		Development|Any CPU = Development|Any CPU
		Development|Mixed Platforms = Development|Mixed Platforms
		Development|x86 = Development|x86
		PreProduction|Any CPU = PreProduction|Any CPU
		PreProduction|Mixed Platforms = PreProduction|Mixed Platforms
		PreProduction|x86 = PreProduction|x86
		Production|Any CPU = Production|Any CPU
		Production|Mixed Platforms = Production|Mixed Platforms
		Production|x86 = Production|x86
		Release|Any CPU = Release|Any CPU
		Release|Mixed Platforms = Release|Mixed Platforms
		Release|x86 = Release|x86
		Test|Any CPU = Test|Any CPU
		Test|Mixed Platforms = Test|Mixed Platforms
		Test|x86 = Test|x86
	EndGlobalSection
	GlobalSection(ProjectConfigurationPlatforms) = postSolution
		{13F0F003-4A1D-4DAD-8F09-70E5A303D914}.Debug|Any CPU.ActiveCfg = Debug|Any CPU
		{13F0F003-4A1D-4DAD-8F09-70E5A303D914}.Debug|Any CPU.Build.0 = Debug|Any CPU
		{13F0F003-4A1D-4DAD-8F09-70E5A303D914}.Debug|Mixed Platforms.ActiveCfg = Debug|Any CPU
		{13F0F003-4A1D-4DAD-8F09-70E5A303D914}.Debug|Mixed Platforms.Build.0 = Debug|Any CPU
		{13F0F003-4A1D-4DAD-8F09-70E5A303D914}.Debug|x86.ActiveCfg = Debug|Any CPU
		{13F0F003-4A1D-4DAD-8F09-70E5A303D914}.Dev2|Any CPU.ActiveCfg = Development|Any CPU
		{13F0F003-4A1D-4DAD-8F09-70E5A303D914}.Dev2|Any CPU.Build.0 = Development|Any CPU
		{13F0F003-4A1D-4DAD-8F09-70E5A303D914}.Dev2|Mixed Platforms.ActiveCfg = Development|Any CPU
		{13F0F003-4A1D-4DAD-8F09-70E5A303D914}.Dev2|Mixed Platforms.Build.0 = Development|Any CPU
		{13F0F003-4A1D-4DAD-8F09-70E5A303D914}.Dev2|x86.ActiveCfg = Development|Any CPU
		{13F0F003-4A1D-4DAD-8F09-70E5A303D914}.Development|Any CPU.ActiveCfg = Development|Any CPU
		{13F0F003-4A1D-4DAD-8F09-70E5A303D914}.Development|Any CPU.Build.0 = Development|Any CPU
		{13F0F003-4A1D-4DAD-8F09-70E5A303D914}.Development|Mixed Platforms.ActiveCfg = Development|Any CPU
		{13F0F003-4A1D-4DAD-8F09-70E5A303D914}.Development|Mixed Platforms.Build.0 = Development|Any CPU
		{13F0F003-4A1D-4DAD-8F09-70E5A303D914}.Development|x86.ActiveCfg = Development|Any CPU
		{13F0F003-4A1D-4DAD-8F09-70E5A303D914}.PreProduction|Any CPU.ActiveCfg = PreProduction|Any CPU
		{13F0F003-4A1D-4DAD-8F09-70E5A303D914}.PreProduction|Any CPU.Build.0 = PreProduction|Any CPU
		{13F0F003-4A1D-4DAD-8F09-70E5A303D914}.PreProduction|Mixed Platforms.ActiveCfg = PreProduction|Any CPU
		{13F0F003-4A1D-4DAD-8F09-70E5A303D914}.PreProduction|Mixed Platforms.Build.0 = PreProduction|Any CPU
		{13F0F003-4A1D-4DAD-8F09-70E5A303D914}.PreProduction|x86.ActiveCfg = PreProduction|Any CPU
		{13F0F003-4A1D-4DAD-8F09-70E5A303D914}.PreProduction|x86.Build.0 = PreProduction|Any CPU
		{13F0F003-4A1D-4DAD-8F09-70E5A303D914}.Production|Any CPU.ActiveCfg = Production|Any CPU
		{13F0F003-4A1D-4DAD-8F09-70E5A303D914}.Production|Any CPU.Build.0 = Production|Any CPU
		{13F0F003-4A1D-4DAD-8F09-70E5A303D914}.Production|Mixed Platforms.ActiveCfg = Production|Any CPU
		{13F0F003-4A1D-4DAD-8F09-70E5A303D914}.Production|Mixed Platforms.Build.0 = Production|Any CPU
		{13F0F003-4A1D-4DAD-8F09-70E5A303D914}.Production|x86.ActiveCfg = Production|Any CPU
		{13F0F003-4A1D-4DAD-8F09-70E5A303D914}.Release|Any CPU.ActiveCfg = Release|Any CPU
		{13F0F003-4A1D-4DAD-8F09-70E5A303D914}.Release|Any CPU.Build.0 = Release|Any CPU
		{13F0F003-4A1D-4DAD-8F09-70E5A303D914}.Release|Mixed Platforms.ActiveCfg = Release|Any CPU
		{13F0F003-4A1D-4DAD-8F09-70E5A303D914}.Release|Mixed Platforms.Build.0 = Release|Any CPU
		{13F0F003-4A1D-4DAD-8F09-70E5A303D914}.Release|x86.ActiveCfg = Release|Any CPU
		{13F0F003-4A1D-4DAD-8F09-70E5A303D914}.Release|x86.Build.0 = Release|Any CPU
		{13F0F003-4A1D-4DAD-8F09-70E5A303D914}.Test|Any CPU.ActiveCfg = Test|Any CPU
		{13F0F003-4A1D-4DAD-8F09-70E5A303D914}.Test|Any CPU.Build.0 = Test|Any CPU
		{13F0F003-4A1D-4DAD-8F09-70E5A303D914}.Test|Mixed Platforms.ActiveCfg = Test|Any CPU
		{13F0F003-4A1D-4DAD-8F09-70E5A303D914}.Test|Mixed Platforms.Build.0 = Test|Any CPU
		{13F0F003-4A1D-4DAD-8F09-70E5A303D914}.Test|x86.ActiveCfg = Test|Any CPU
		{4A91ED6A-7269-4DC5-9979-39E21F901404}.Debug|Any CPU.ActiveCfg = Debug|Any CPU
		{4A91ED6A-7269-4DC5-9979-39E21F901404}.Debug|Any CPU.Build.0 = Debug|Any CPU
		{4A91ED6A-7269-4DC5-9979-39E21F901404}.Debug|Mixed Platforms.ActiveCfg = Debug|Any CPU
		{4A91ED6A-7269-4DC5-9979-39E21F901404}.Debug|Mixed Platforms.Build.0 = Debug|Any CPU
		{4A91ED6A-7269-4DC5-9979-39E21F901404}.Debug|x86.ActiveCfg = Debug|Any CPU
		{4A91ED6A-7269-4DC5-9979-39E21F901404}.Dev2|Any CPU.ActiveCfg = Development|Any CPU
		{4A91ED6A-7269-4DC5-9979-39E21F901404}.Dev2|Any CPU.Build.0 = Development|Any CPU
		{4A91ED6A-7269-4DC5-9979-39E21F901404}.Dev2|Mixed Platforms.ActiveCfg = Development|Any CPU
		{4A91ED6A-7269-4DC5-9979-39E21F901404}.Dev2|Mixed Platforms.Build.0 = Development|Any CPU
		{4A91ED6A-7269-4DC5-9979-39E21F901404}.Dev2|x86.ActiveCfg = Development|Any CPU
		{4A91ED6A-7269-4DC5-9979-39E21F901404}.Development|Any CPU.ActiveCfg = Development|Any CPU
		{4A91ED6A-7269-4DC5-9979-39E21F901404}.Development|Any CPU.Build.0 = Development|Any CPU
		{4A91ED6A-7269-4DC5-9979-39E21F901404}.Development|Mixed Platforms.ActiveCfg = Development|Any CPU
		{4A91ED6A-7269-4DC5-9979-39E21F901404}.Development|Mixed Platforms.Build.0 = Development|Any CPU
		{4A91ED6A-7269-4DC5-9979-39E21F901404}.Development|x86.ActiveCfg = Development|Any CPU
		{4A91ED6A-7269-4DC5-9979-39E21F901404}.PreProduction|Any CPU.ActiveCfg = Production|Any CPU
		{4A91ED6A-7269-4DC5-9979-39E21F901404}.PreProduction|Any CPU.Build.0 = Production|Any CPU
		{4A91ED6A-7269-4DC5-9979-39E21F901404}.PreProduction|Mixed Platforms.ActiveCfg = Test|Any CPU
		{4A91ED6A-7269-4DC5-9979-39E21F901404}.PreProduction|Mixed Platforms.Build.0 = Test|Any CPU
		{4A91ED6A-7269-4DC5-9979-39E21F901404}.PreProduction|x86.ActiveCfg = Production|Any CPU
		{4A91ED6A-7269-4DC5-9979-39E21F901404}.PreProduction|x86.Build.0 = Production|Any CPU
		{4A91ED6A-7269-4DC5-9979-39E21F901404}.Production|Any CPU.ActiveCfg = Production|Any CPU
		{4A91ED6A-7269-4DC5-9979-39E21F901404}.Production|Any CPU.Build.0 = Production|Any CPU
		{4A91ED6A-7269-4DC5-9979-39E21F901404}.Production|Mixed Platforms.ActiveCfg = Production|Any CPU
		{4A91ED6A-7269-4DC5-9979-39E21F901404}.Production|Mixed Platforms.Build.0 = Production|Any CPU
		{4A91ED6A-7269-4DC5-9979-39E21F901404}.Production|x86.ActiveCfg = Production|Any CPU
		{4A91ED6A-7269-4DC5-9979-39E21F901404}.Release|Any CPU.ActiveCfg = Test|Any CPU
		{4A91ED6A-7269-4DC5-9979-39E21F901404}.Release|Any CPU.Build.0 = Test|Any CPU
		{4A91ED6A-7269-4DC5-9979-39E21F901404}.Release|Mixed Platforms.ActiveCfg = Test|Any CPU
		{4A91ED6A-7269-4DC5-9979-39E21F901404}.Release|Mixed Platforms.Build.0 = Test|Any CPU
		{4A91ED6A-7269-4DC5-9979-39E21F901404}.Release|x86.ActiveCfg = Test|Any CPU
		{4A91ED6A-7269-4DC5-9979-39E21F901404}.Release|x86.Build.0 = Test|Any CPU
		{4A91ED6A-7269-4DC5-9979-39E21F901404}.Test|Any CPU.ActiveCfg = Test|Any CPU
		{4A91ED6A-7269-4DC5-9979-39E21F901404}.Test|Any CPU.Build.0 = Test|Any CPU
		{4A91ED6A-7269-4DC5-9979-39E21F901404}.Test|Mixed Platforms.ActiveCfg = Test|Any CPU
		{4A91ED6A-7269-4DC5-9979-39E21F901404}.Test|Mixed Platforms.Build.0 = Test|Any CPU
		{4A91ED6A-7269-4DC5-9979-39E21F901404}.Test|x86.ActiveCfg = Test|Any CPU
		{4648B419-C047-4A82-8599-B3741E3DD11E}.Debug|Any CPU.ActiveCfg = Debug|Any CPU
		{4648B419-C047-4A82-8599-B3741E3DD11E}.Debug|Any CPU.Build.0 = Debug|Any CPU
		{4648B419-C047-4A82-8599-B3741E3DD11E}.Debug|Mixed Platforms.ActiveCfg = Debug|Any CPU
		{4648B419-C047-4A82-8599-B3741E3DD11E}.Debug|Mixed Platforms.Build.0 = Debug|Any CPU
		{4648B419-C047-4A82-8599-B3741E3DD11E}.Debug|x86.ActiveCfg = Debug|Any CPU
		{4648B419-C047-4A82-8599-B3741E3DD11E}.Dev2|Any CPU.ActiveCfg = Debug|Any CPU
		{4648B419-C047-4A82-8599-B3741E3DD11E}.Dev2|Any CPU.Build.0 = Debug|Any CPU
		{4648B419-C047-4A82-8599-B3741E3DD11E}.Dev2|Mixed Platforms.ActiveCfg = Debug|Any CPU
		{4648B419-C047-4A82-8599-B3741E3DD11E}.Dev2|Mixed Platforms.Build.0 = Debug|Any CPU
		{4648B419-C047-4A82-8599-B3741E3DD11E}.Dev2|x86.ActiveCfg = Debug|Any CPU
		{4648B419-C047-4A82-8599-B3741E3DD11E}.Development|Any CPU.ActiveCfg = Debug|Any CPU
		{4648B419-C047-4A82-8599-B3741E3DD11E}.Development|Any CPU.Build.0 = Debug|Any CPU
		{4648B419-C047-4A82-8599-B3741E3DD11E}.Development|Mixed Platforms.ActiveCfg = Debug|Any CPU
		{4648B419-C047-4A82-8599-B3741E3DD11E}.Development|Mixed Platforms.Build.0 = Debug|Any CPU
		{4648B419-C047-4A82-8599-B3741E3DD11E}.Development|x86.ActiveCfg = Debug|Any CPU
		{4648B419-C047-4A82-8599-B3741E3DD11E}.PreProduction|Any CPU.ActiveCfg = Release|Any CPU
		{4648B419-C047-4A82-8599-B3741E3DD11E}.PreProduction|Any CPU.Build.0 = Release|Any CPU
		{4648B419-C047-4A82-8599-B3741E3DD11E}.PreProduction|Mixed Platforms.ActiveCfg = Release|Any CPU
		{4648B419-C047-4A82-8599-B3741E3DD11E}.PreProduction|Mixed Platforms.Build.0 = Release|Any CPU
		{4648B419-C047-4A82-8599-B3741E3DD11E}.PreProduction|x86.ActiveCfg = Release|Any CPU
		{4648B419-C047-4A82-8599-B3741E3DD11E}.PreProduction|x86.Build.0 = Release|Any CPU
		{4648B419-C047-4A82-8599-B3741E3DD11E}.Production|Any CPU.ActiveCfg = Release|Any CPU
		{4648B419-C047-4A82-8599-B3741E3DD11E}.Production|Any CPU.Build.0 = Release|Any CPU
		{4648B419-C047-4A82-8599-B3741E3DD11E}.Production|Mixed Platforms.ActiveCfg = Release|Any CPU
		{4648B419-C047-4A82-8599-B3741E3DD11E}.Production|Mixed Platforms.Build.0 = Release|Any CPU
		{4648B419-C047-4A82-8599-B3741E3DD11E}.Production|x86.ActiveCfg = Release|Any CPU
		{4648B419-C047-4A82-8599-B3741E3DD11E}.Release|Any CPU.ActiveCfg = Release|Any CPU
		{4648B419-C047-4A82-8599-B3741E3DD11E}.Release|Any CPU.Build.0 = Release|Any CPU
		{4648B419-C047-4A82-8599-B3741E3DD11E}.Release|Mixed Platforms.ActiveCfg = Release|Any CPU
		{4648B419-C047-4A82-8599-B3741E3DD11E}.Release|Mixed Platforms.Build.0 = Release|Any CPU
		{4648B419-C047-4A82-8599-B3741E3DD11E}.Release|x86.ActiveCfg = Release|Any CPU
		{4648B419-C047-4A82-8599-B3741E3DD11E}.Release|x86.Build.0 = Release|Any CPU
		{4648B419-C047-4A82-8599-B3741E3DD11E}.Test|Any CPU.ActiveCfg = Release|Any CPU
		{4648B419-C047-4A82-8599-B3741E3DD11E}.Test|Any CPU.Build.0 = Release|Any CPU
		{4648B419-C047-4A82-8599-B3741E3DD11E}.Test|Mixed Platforms.ActiveCfg = Release|Any CPU
		{4648B419-C047-4A82-8599-B3741E3DD11E}.Test|Mixed Platforms.Build.0 = Release|Any CPU
		{4648B419-C047-4A82-8599-B3741E3DD11E}.Test|x86.ActiveCfg = Release|Any CPU
		{F4B1F929-2624-468A-A21B-47A04DC312A7}.Debug|Any CPU.ActiveCfg = Debug|Any CPU
		{F4B1F929-2624-468A-A21B-47A04DC312A7}.Debug|Any CPU.Build.0 = Debug|Any CPU
		{F4B1F929-2624-468A-A21B-47A04DC312A7}.Debug|Mixed Platforms.ActiveCfg = Debug|Any CPU
		{F4B1F929-2624-468A-A21B-47A04DC312A7}.Debug|Mixed Platforms.Build.0 = Debug|Any CPU
		{F4B1F929-2624-468A-A21B-47A04DC312A7}.Debug|x86.ActiveCfg = Debug|Any CPU
		{F4B1F929-2624-468A-A21B-47A04DC312A7}.Dev2|Any CPU.ActiveCfg = Debug|Any CPU
		{F4B1F929-2624-468A-A21B-47A04DC312A7}.Dev2|Any CPU.Build.0 = Debug|Any CPU
		{F4B1F929-2624-468A-A21B-47A04DC312A7}.Dev2|Mixed Platforms.ActiveCfg = Debug|Any CPU
		{F4B1F929-2624-468A-A21B-47A04DC312A7}.Dev2|Mixed Platforms.Build.0 = Debug|Any CPU
		{F4B1F929-2624-468A-A21B-47A04DC312A7}.Dev2|x86.ActiveCfg = Debug|Any CPU
		{F4B1F929-2624-468A-A21B-47A04DC312A7}.Development|Any CPU.ActiveCfg = Debug|Any CPU
		{F4B1F929-2624-468A-A21B-47A04DC312A7}.Development|Any CPU.Build.0 = Debug|Any CPU
		{F4B1F929-2624-468A-A21B-47A04DC312A7}.Development|Mixed Platforms.ActiveCfg = Debug|Any CPU
		{F4B1F929-2624-468A-A21B-47A04DC312A7}.Development|Mixed Platforms.Build.0 = Debug|Any CPU
		{F4B1F929-2624-468A-A21B-47A04DC312A7}.Development|x86.ActiveCfg = Debug|Any CPU
		{F4B1F929-2624-468A-A21B-47A04DC312A7}.PreProduction|Any CPU.ActiveCfg = Release|Any CPU
		{F4B1F929-2624-468A-A21B-47A04DC312A7}.PreProduction|Any CPU.Build.0 = Release|Any CPU
		{F4B1F929-2624-468A-A21B-47A04DC312A7}.PreProduction|Mixed Platforms.ActiveCfg = Release|Any CPU
		{F4B1F929-2624-468A-A21B-47A04DC312A7}.PreProduction|Mixed Platforms.Build.0 = Release|Any CPU
		{F4B1F929-2624-468A-A21B-47A04DC312A7}.PreProduction|x86.ActiveCfg = Release|Any CPU
		{F4B1F929-2624-468A-A21B-47A04DC312A7}.PreProduction|x86.Build.0 = Release|Any CPU
		{F4B1F929-2624-468A-A21B-47A04DC312A7}.Production|Any CPU.ActiveCfg = Release|Any CPU
		{F4B1F929-2624-468A-A21B-47A04DC312A7}.Production|Any CPU.Build.0 = Release|Any CPU
		{F4B1F929-2624-468A-A21B-47A04DC312A7}.Production|Mixed Platforms.ActiveCfg = Release|Any CPU
		{F4B1F929-2624-468A-A21B-47A04DC312A7}.Production|Mixed Platforms.Build.0 = Release|Any CPU
		{F4B1F929-2624-468A-A21B-47A04DC312A7}.Production|x86.ActiveCfg = Release|Any CPU
		{F4B1F929-2624-468A-A21B-47A04DC312A7}.Release|Any CPU.ActiveCfg = Release|Any CPU
		{F4B1F929-2624-468A-A21B-47A04DC312A7}.Release|Any CPU.Build.0 = Release|Any CPU
		{F4B1F929-2624-468A-A21B-47A04DC312A7}.Release|Mixed Platforms.ActiveCfg = Release|Any CPU
		{F4B1F929-2624-468A-A21B-47A04DC312A7}.Release|Mixed Platforms.Build.0 = Release|Any CPU
		{F4B1F929-2624-468A-A21B-47A04DC312A7}.Release|x86.ActiveCfg = Release|Any CPU
		{F4B1F929-2624-468A-A21B-47A04DC312A7}.Release|x86.Build.0 = Release|Any CPU
		{F4B1F929-2624-468A-A21B-47A04DC312A7}.Test|Any CPU.ActiveCfg = Release|Any CPU
		{F4B1F929-2624-468A-A21B-47A04DC312A7}.Test|Any CPU.Build.0 = Release|Any CPU
		{F4B1F929-2624-468A-A21B-47A04DC312A7}.Test|Mixed Platforms.ActiveCfg = Release|Any CPU
		{F4B1F929-2624-468A-A21B-47A04DC312A7}.Test|Mixed Platforms.Build.0 = Release|Any CPU
		{F4B1F929-2624-468A-A21B-47A04DC312A7}.Test|x86.ActiveCfg = Release|Any CPU
		{D907848F-8F27-4AD2-AE79-A830AD084620}.Debug|Any CPU.ActiveCfg = Development|Any CPU
		{D907848F-8F27-4AD2-AE79-A830AD084620}.Debug|Any CPU.Build.0 = Development|Any CPU
		{D907848F-8F27-4AD2-AE79-A830AD084620}.Debug|Any CPU.Deploy.0 = Development|Any CPU
		{D907848F-8F27-4AD2-AE79-A830AD084620}.Debug|Mixed Platforms.ActiveCfg = Development|Any CPU
		{D907848F-8F27-4AD2-AE79-A830AD084620}.Debug|Mixed Platforms.Build.0 = Development|Any CPU
		{D907848F-8F27-4AD2-AE79-A830AD084620}.Debug|Mixed Platforms.Deploy.0 = Development|Any CPU
		{D907848F-8F27-4AD2-AE79-A830AD084620}.Debug|x86.ActiveCfg = Development|Any CPU
		{D907848F-8F27-4AD2-AE79-A830AD084620}.Dev2|Any CPU.ActiveCfg = Development|Any CPU
		{D907848F-8F27-4AD2-AE79-A830AD084620}.Dev2|Any CPU.Build.0 = Development|Any CPU
		{D907848F-8F27-4AD2-AE79-A830AD084620}.Dev2|Any CPU.Deploy.0 = Development|Any CPU
		{D907848F-8F27-4AD2-AE79-A830AD084620}.Dev2|Mixed Platforms.ActiveCfg = Development|Any CPU
		{D907848F-8F27-4AD2-AE79-A830AD084620}.Dev2|Mixed Platforms.Build.0 = Development|Any CPU
		{D907848F-8F27-4AD2-AE79-A830AD084620}.Dev2|Mixed Platforms.Deploy.0 = Development|Any CPU
		{D907848F-8F27-4AD2-AE79-A830AD084620}.Dev2|x86.ActiveCfg = Development|Any CPU
		{D907848F-8F27-4AD2-AE79-A830AD084620}.Development|Any CPU.ActiveCfg = Development|Any CPU
		{D907848F-8F27-4AD2-AE79-A830AD084620}.Development|Any CPU.Build.0 = Development|Any CPU
		{D907848F-8F27-4AD2-AE79-A830AD084620}.Development|Any CPU.Deploy.0 = Development|Any CPU
		{D907848F-8F27-4AD2-AE79-A830AD084620}.Development|Mixed Platforms.ActiveCfg = Development|Any CPU
		{D907848F-8F27-4AD2-AE79-A830AD084620}.Development|Mixed Platforms.Build.0 = Development|Any CPU
		{D907848F-8F27-4AD2-AE79-A830AD084620}.Development|Mixed Platforms.Deploy.0 = Development|Any CPU
		{D907848F-8F27-4AD2-AE79-A830AD084620}.Development|x86.ActiveCfg = Development|Any CPU
		{D907848F-8F27-4AD2-AE79-A830AD084620}.PreProduction|Any CPU.ActiveCfg = Production|Any CPU
		{D907848F-8F27-4AD2-AE79-A830AD084620}.PreProduction|Any CPU.Build.0 = Production|Any CPU
		{D907848F-8F27-4AD2-AE79-A830AD084620}.PreProduction|Any CPU.Deploy.0 = Production|Any CPU
		{D907848F-8F27-4AD2-AE79-A830AD084620}.PreProduction|Mixed Platforms.ActiveCfg = Test|Any CPU
		{D907848F-8F27-4AD2-AE79-A830AD084620}.PreProduction|Mixed Platforms.Build.0 = Test|Any CPU
		{D907848F-8F27-4AD2-AE79-A830AD084620}.PreProduction|Mixed Platforms.Deploy.0 = Test|Any CPU
		{D907848F-8F27-4AD2-AE79-A830AD084620}.PreProduction|x86.ActiveCfg = Production|Any CPU
		{D907848F-8F27-4AD2-AE79-A830AD084620}.PreProduction|x86.Build.0 = Production|Any CPU
		{D907848F-8F27-4AD2-AE79-A830AD084620}.PreProduction|x86.Deploy.0 = Production|Any CPU
		{D907848F-8F27-4AD2-AE79-A830AD084620}.Production|Any CPU.ActiveCfg = Production|Any CPU
		{D907848F-8F27-4AD2-AE79-A830AD084620}.Production|Any CPU.Build.0 = Production|Any CPU
		{D907848F-8F27-4AD2-AE79-A830AD084620}.Production|Any CPU.Deploy.0 = Production|Any CPU
		{D907848F-8F27-4AD2-AE79-A830AD084620}.Production|Mixed Platforms.ActiveCfg = Production|Any CPU
		{D907848F-8F27-4AD2-AE79-A830AD084620}.Production|Mixed Platforms.Build.0 = Production|Any CPU
		{D907848F-8F27-4AD2-AE79-A830AD084620}.Production|Mixed Platforms.Deploy.0 = Production|Any CPU
		{D907848F-8F27-4AD2-AE79-A830AD084620}.Production|x86.ActiveCfg = Production|Any CPU
		{D907848F-8F27-4AD2-AE79-A830AD084620}.Release|Any CPU.ActiveCfg = Test|Any CPU
		{D907848F-8F27-4AD2-AE79-A830AD084620}.Release|Any CPU.Build.0 = Test|Any CPU
		{D907848F-8F27-4AD2-AE79-A830AD084620}.Release|Any CPU.Deploy.0 = Test|Any CPU
		{D907848F-8F27-4AD2-AE79-A830AD084620}.Release|Mixed Platforms.ActiveCfg = Test|Any CPU
		{D907848F-8F27-4AD2-AE79-A830AD084620}.Release|Mixed Platforms.Build.0 = Test|Any CPU
		{D907848F-8F27-4AD2-AE79-A830AD084620}.Release|Mixed Platforms.Deploy.0 = Test|Any CPU
		{D907848F-8F27-4AD2-AE79-A830AD084620}.Release|x86.ActiveCfg = Test|Any CPU
		{D907848F-8F27-4AD2-AE79-A830AD084620}.Release|x86.Build.0 = Test|Any CPU
		{D907848F-8F27-4AD2-AE79-A830AD084620}.Release|x86.Deploy.0 = Test|Any CPU
		{D907848F-8F27-4AD2-AE79-A830AD084620}.Test|Any CPU.ActiveCfg = Test|Any CPU
		{D907848F-8F27-4AD2-AE79-A830AD084620}.Test|Any CPU.Build.0 = Test|Any CPU
		{D907848F-8F27-4AD2-AE79-A830AD084620}.Test|Any CPU.Deploy.0 = Test|Any CPU
		{D907848F-8F27-4AD2-AE79-A830AD084620}.Test|Mixed Platforms.ActiveCfg = Test|Any CPU
		{D907848F-8F27-4AD2-AE79-A830AD084620}.Test|Mixed Platforms.Build.0 = Test|Any CPU
		{D907848F-8F27-4AD2-AE79-A830AD084620}.Test|Mixed Platforms.Deploy.0 = Test|Any CPU
		{D907848F-8F27-4AD2-AE79-A830AD084620}.Test|x86.ActiveCfg = Test|Any CPU
		{5884C45A-B213-4711-AAB5-6553D8AD2590}.Debug|Any CPU.ActiveCfg = Debug|Any CPU
		{5884C45A-B213-4711-AAB5-6553D8AD2590}.Debug|Any CPU.Build.0 = Debug|Any CPU
		{5884C45A-B213-4711-AAB5-6553D8AD2590}.Debug|Mixed Platforms.ActiveCfg = Debug|Any CPU
		{5884C45A-B213-4711-AAB5-6553D8AD2590}.Debug|Mixed Platforms.Build.0 = Debug|Any CPU
		{5884C45A-B213-4711-AAB5-6553D8AD2590}.Debug|x86.ActiveCfg = Debug|Any CPU
		{5884C45A-B213-4711-AAB5-6553D8AD2590}.Dev2|Any CPU.ActiveCfg = Development|Any CPU
		{5884C45A-B213-4711-AAB5-6553D8AD2590}.Dev2|Any CPU.Build.0 = Development|Any CPU
		{5884C45A-B213-4711-AAB5-6553D8AD2590}.Dev2|Mixed Platforms.ActiveCfg = Development|Any CPU
		{5884C45A-B213-4711-AAB5-6553D8AD2590}.Dev2|Mixed Platforms.Build.0 = Development|Any CPU
		{5884C45A-B213-4711-AAB5-6553D8AD2590}.Dev2|x86.ActiveCfg = Development|Any CPU
		{5884C45A-B213-4711-AAB5-6553D8AD2590}.Development|Any CPU.ActiveCfg = Development|Any CPU
		{5884C45A-B213-4711-AAB5-6553D8AD2590}.Development|Any CPU.Build.0 = Development|Any CPU
		{5884C45A-B213-4711-AAB5-6553D8AD2590}.Development|Mixed Platforms.ActiveCfg = Development|Any CPU
		{5884C45A-B213-4711-AAB5-6553D8AD2590}.Development|Mixed Platforms.Build.0 = Development|Any CPU
		{5884C45A-B213-4711-AAB5-6553D8AD2590}.Development|x86.ActiveCfg = Development|Any CPU
		{5884C45A-B213-4711-AAB5-6553D8AD2590}.PreProduction|Any CPU.ActiveCfg = Production|Any CPU
		{5884C45A-B213-4711-AAB5-6553D8AD2590}.PreProduction|Any CPU.Build.0 = Production|Any CPU
		{5884C45A-B213-4711-AAB5-6553D8AD2590}.PreProduction|Mixed Platforms.ActiveCfg = Test|Any CPU
		{5884C45A-B213-4711-AAB5-6553D8AD2590}.PreProduction|Mixed Platforms.Build.0 = Test|Any CPU
		{5884C45A-B213-4711-AAB5-6553D8AD2590}.PreProduction|x86.ActiveCfg = Production|Any CPU
		{5884C45A-B213-4711-AAB5-6553D8AD2590}.PreProduction|x86.Build.0 = Production|Any CPU
		{5884C45A-B213-4711-AAB5-6553D8AD2590}.Production|Any CPU.ActiveCfg = Production|Any CPU
		{5884C45A-B213-4711-AAB5-6553D8AD2590}.Production|Any CPU.Build.0 = Production|Any CPU
		{5884C45A-B213-4711-AAB5-6553D8AD2590}.Production|Mixed Platforms.ActiveCfg = Production|Any CPU
		{5884C45A-B213-4711-AAB5-6553D8AD2590}.Production|Mixed Platforms.Build.0 = Production|Any CPU
		{5884C45A-B213-4711-AAB5-6553D8AD2590}.Production|x86.ActiveCfg = Production|Any CPU
		{5884C45A-B213-4711-AAB5-6553D8AD2590}.Release|Any CPU.ActiveCfg = Test|Any CPU
		{5884C45A-B213-4711-AAB5-6553D8AD2590}.Release|Any CPU.Build.0 = Test|Any CPU
		{5884C45A-B213-4711-AAB5-6553D8AD2590}.Release|Mixed Platforms.ActiveCfg = Test|Any CPU
		{5884C45A-B213-4711-AAB5-6553D8AD2590}.Release|Mixed Platforms.Build.0 = Test|Any CPU
		{5884C45A-B213-4711-AAB5-6553D8AD2590}.Release|x86.ActiveCfg = Test|Any CPU
		{5884C45A-B213-4711-AAB5-6553D8AD2590}.Release|x86.Build.0 = Test|Any CPU
		{5884C45A-B213-4711-AAB5-6553D8AD2590}.Test|Any CPU.ActiveCfg = Test|Any CPU
		{5884C45A-B213-4711-AAB5-6553D8AD2590}.Test|Any CPU.Build.0 = Test|Any CPU
		{5884C45A-B213-4711-AAB5-6553D8AD2590}.Test|Mixed Platforms.ActiveCfg = Test|Any CPU
		{5884C45A-B213-4711-AAB5-6553D8AD2590}.Test|Mixed Platforms.Build.0 = Test|Any CPU
		{5884C45A-B213-4711-AAB5-6553D8AD2590}.Test|x86.ActiveCfg = Test|Any CPU
		{209FA716-A7AD-4095-BD70-C8710FC66FA7}.Debug|Any CPU.ActiveCfg = Debug|Any CPU
		{209FA716-A7AD-4095-BD70-C8710FC66FA7}.Debug|Any CPU.Build.0 = Debug|Any CPU
		{209FA716-A7AD-4095-BD70-C8710FC66FA7}.Debug|Mixed Platforms.ActiveCfg = Debug|Any CPU
		{209FA716-A7AD-4095-BD70-C8710FC66FA7}.Debug|Mixed Platforms.Build.0 = Debug|Any CPU
		{209FA716-A7AD-4095-BD70-C8710FC66FA7}.Debug|x86.ActiveCfg = Debug|Any CPU
		{209FA716-A7AD-4095-BD70-C8710FC66FA7}.Dev2|Any CPU.ActiveCfg = Development|Any CPU
		{209FA716-A7AD-4095-BD70-C8710FC66FA7}.Dev2|Any CPU.Build.0 = Development|Any CPU
		{209FA716-A7AD-4095-BD70-C8710FC66FA7}.Dev2|Mixed Platforms.ActiveCfg = Development|Any CPU
		{209FA716-A7AD-4095-BD70-C8710FC66FA7}.Dev2|Mixed Platforms.Build.0 = Development|Any CPU
		{209FA716-A7AD-4095-BD70-C8710FC66FA7}.Dev2|x86.ActiveCfg = Development|Any CPU
		{209FA716-A7AD-4095-BD70-C8710FC66FA7}.Development|Any CPU.ActiveCfg = Development|Any CPU
		{209FA716-A7AD-4095-BD70-C8710FC66FA7}.Development|Any CPU.Build.0 = Development|Any CPU
		{209FA716-A7AD-4095-BD70-C8710FC66FA7}.Development|Mixed Platforms.ActiveCfg = Development|Any CPU
		{209FA716-A7AD-4095-BD70-C8710FC66FA7}.Development|Mixed Platforms.Build.0 = Development|Any CPU
		{209FA716-A7AD-4095-BD70-C8710FC66FA7}.Development|x86.ActiveCfg = Development|Any CPU
		{209FA716-A7AD-4095-BD70-C8710FC66FA7}.PreProduction|Any CPU.ActiveCfg = PreProduction|Any CPU
		{209FA716-A7AD-4095-BD70-C8710FC66FA7}.PreProduction|Any CPU.Build.0 = PreProduction|Any CPU
		{209FA716-A7AD-4095-BD70-C8710FC66FA7}.PreProduction|Mixed Platforms.ActiveCfg = PreProduction|Any CPU
		{209FA716-A7AD-4095-BD70-C8710FC66FA7}.PreProduction|Mixed Platforms.Build.0 = PreProduction|Any CPU
		{209FA716-A7AD-4095-BD70-C8710FC66FA7}.PreProduction|x86.ActiveCfg = PreProduction|Any CPU
		{209FA716-A7AD-4095-BD70-C8710FC66FA7}.PreProduction|x86.Build.0 = PreProduction|Any CPU
		{209FA716-A7AD-4095-BD70-C8710FC66FA7}.Production|Any CPU.ActiveCfg = Production|Any CPU
		{209FA716-A7AD-4095-BD70-C8710FC66FA7}.Production|Any CPU.Build.0 = Production|Any CPU
		{209FA716-A7AD-4095-BD70-C8710FC66FA7}.Production|Mixed Platforms.ActiveCfg = Production|Any CPU
		{209FA716-A7AD-4095-BD70-C8710FC66FA7}.Production|Mixed Platforms.Build.0 = Production|Any CPU
		{209FA716-A7AD-4095-BD70-C8710FC66FA7}.Production|x86.ActiveCfg = Production|Any CPU
		{209FA716-A7AD-4095-BD70-C8710FC66FA7}.Release|Any CPU.ActiveCfg = Test|Any CPU
		{209FA716-A7AD-4095-BD70-C8710FC66FA7}.Release|Any CPU.Build.0 = Test|Any CPU
		{209FA716-A7AD-4095-BD70-C8710FC66FA7}.Release|Mixed Platforms.ActiveCfg = Test|Any CPU
		{209FA716-A7AD-4095-BD70-C8710FC66FA7}.Release|Mixed Platforms.Build.0 = Test|Any CPU
		{209FA716-A7AD-4095-BD70-C8710FC66FA7}.Release|x86.ActiveCfg = Test|Any CPU
		{209FA716-A7AD-4095-BD70-C8710FC66FA7}.Release|x86.Build.0 = Test|Any CPU
		{209FA716-A7AD-4095-BD70-C8710FC66FA7}.Test|Any CPU.ActiveCfg = Test|Any CPU
		{209FA716-A7AD-4095-BD70-C8710FC66FA7}.Test|Any CPU.Build.0 = Test|Any CPU
		{209FA716-A7AD-4095-BD70-C8710FC66FA7}.Test|Mixed Platforms.ActiveCfg = Test|Any CPU
		{209FA716-A7AD-4095-BD70-C8710FC66FA7}.Test|Mixed Platforms.Build.0 = Test|Any CPU
		{209FA716-A7AD-4095-BD70-C8710FC66FA7}.Test|x86.ActiveCfg = Test|Any CPU
		{8FD67E08-8EF6-4586-A91C-A0C6383679A9}.Debug|Any CPU.ActiveCfg = Debug|Any CPU
		{8FD67E08-8EF6-4586-A91C-A0C6383679A9}.Debug|Any CPU.Build.0 = Debug|Any CPU
		{8FD67E08-8EF6-4586-A91C-A0C6383679A9}.Debug|Mixed Platforms.ActiveCfg = Debug|Any CPU
		{8FD67E08-8EF6-4586-A91C-A0C6383679A9}.Debug|Mixed Platforms.Build.0 = Debug|Any CPU
		{8FD67E08-8EF6-4586-A91C-A0C6383679A9}.Debug|x86.ActiveCfg = Debug|Any CPU
		{8FD67E08-8EF6-4586-A91C-A0C6383679A9}.Debug|x86.Build.0 = Debug|Any CPU
		{8FD67E08-8EF6-4586-A91C-A0C6383679A9}.Dev2|Any CPU.ActiveCfg = Debug|Any CPU
		{8FD67E08-8EF6-4586-A91C-A0C6383679A9}.Dev2|Any CPU.Build.0 = Debug|Any CPU
		{8FD67E08-8EF6-4586-A91C-A0C6383679A9}.Dev2|Mixed Platforms.ActiveCfg = Debug|Any CPU
		{8FD67E08-8EF6-4586-A91C-A0C6383679A9}.Dev2|Mixed Platforms.Build.0 = Debug|Any CPU
		{8FD67E08-8EF6-4586-A91C-A0C6383679A9}.Dev2|x86.ActiveCfg = Debug|Any CPU
		{8FD67E08-8EF6-4586-A91C-A0C6383679A9}.Dev2|x86.Build.0 = Debug|Any CPU
		{8FD67E08-8EF6-4586-A91C-A0C6383679A9}.Development|Any CPU.ActiveCfg = Debug|Any CPU
		{8FD67E08-8EF6-4586-A91C-A0C6383679A9}.Development|Any CPU.Build.0 = Debug|Any CPU
		{8FD67E08-8EF6-4586-A91C-A0C6383679A9}.Development|Mixed Platforms.ActiveCfg = Debug|Any CPU
		{8FD67E08-8EF6-4586-A91C-A0C6383679A9}.Development|Mixed Platforms.Build.0 = Debug|Any CPU
		{8FD67E08-8EF6-4586-A91C-A0C6383679A9}.Development|x86.ActiveCfg = Debug|Any CPU
		{8FD67E08-8EF6-4586-A91C-A0C6383679A9}.Development|x86.Build.0 = Debug|Any CPU
		{8FD67E08-8EF6-4586-A91C-A0C6383679A9}.PreProduction|Any CPU.ActiveCfg = Release|Any CPU
		{8FD67E08-8EF6-4586-A91C-A0C6383679A9}.PreProduction|Any CPU.Build.0 = Release|Any CPU
		{8FD67E08-8EF6-4586-A91C-A0C6383679A9}.PreProduction|Mixed Platforms.ActiveCfg = Release|Any CPU
		{8FD67E08-8EF6-4586-A91C-A0C6383679A9}.PreProduction|Mixed Platforms.Build.0 = Release|Any CPU
		{8FD67E08-8EF6-4586-A91C-A0C6383679A9}.PreProduction|x86.ActiveCfg = Release|Any CPU
		{8FD67E08-8EF6-4586-A91C-A0C6383679A9}.PreProduction|x86.Build.0 = Release|Any CPU
		{8FD67E08-8EF6-4586-A91C-A0C6383679A9}.Production|Any CPU.ActiveCfg = Release|Any CPU
		{8FD67E08-8EF6-4586-A91C-A0C6383679A9}.Production|Any CPU.Build.0 = Release|Any CPU
		{8FD67E08-8EF6-4586-A91C-A0C6383679A9}.Production|Mixed Platforms.ActiveCfg = Release|Any CPU
		{8FD67E08-8EF6-4586-A91C-A0C6383679A9}.Production|Mixed Platforms.Build.0 = Release|Any CPU
		{8FD67E08-8EF6-4586-A91C-A0C6383679A9}.Production|x86.ActiveCfg = Release|Any CPU
		{8FD67E08-8EF6-4586-A91C-A0C6383679A9}.Production|x86.Build.0 = Release|Any CPU
		{8FD67E08-8EF6-4586-A91C-A0C6383679A9}.Release|Any CPU.ActiveCfg = Release|Any CPU
		{8FD67E08-8EF6-4586-A91C-A0C6383679A9}.Release|Any CPU.Build.0 = Release|Any CPU
		{8FD67E08-8EF6-4586-A91C-A0C6383679A9}.Release|Mixed Platforms.ActiveCfg = Release|Any CPU
		{8FD67E08-8EF6-4586-A91C-A0C6383679A9}.Release|Mixed Platforms.Build.0 = Release|Any CPU
		{8FD67E08-8EF6-4586-A91C-A0C6383679A9}.Release|x86.ActiveCfg = Release|Any CPU
		{8FD67E08-8EF6-4586-A91C-A0C6383679A9}.Release|x86.Build.0 = Release|Any CPU
		{8FD67E08-8EF6-4586-A91C-A0C6383679A9}.Test|Any CPU.ActiveCfg = Release|Any CPU
		{8FD67E08-8EF6-4586-A91C-A0C6383679A9}.Test|Any CPU.Build.0 = Release|Any CPU
		{8FD67E08-8EF6-4586-A91C-A0C6383679A9}.Test|Mixed Platforms.ActiveCfg = Release|Any CPU
		{8FD67E08-8EF6-4586-A91C-A0C6383679A9}.Test|Mixed Platforms.Build.0 = Release|Any CPU
		{8FD67E08-8EF6-4586-A91C-A0C6383679A9}.Test|x86.ActiveCfg = Release|Any CPU
		{8FD67E08-8EF6-4586-A91C-A0C6383679A9}.Test|x86.Build.0 = Release|Any CPU
		{BA9E737E-5DA3-4C35-BE5F-4D7EA019D079}.Debug|Any CPU.ActiveCfg = Debug|Any CPU
		{BA9E737E-5DA3-4C35-BE5F-4D7EA019D079}.Debug|Any CPU.Build.0 = Debug|Any CPU
		{BA9E737E-5DA3-4C35-BE5F-4D7EA019D079}.Debug|Mixed Platforms.ActiveCfg = Debug|Any CPU
		{BA9E737E-5DA3-4C35-BE5F-4D7EA019D079}.Debug|Mixed Platforms.Build.0 = Debug|Any CPU
		{BA9E737E-5DA3-4C35-BE5F-4D7EA019D079}.Debug|x86.ActiveCfg = Debug|Any CPU
		{BA9E737E-5DA3-4C35-BE5F-4D7EA019D079}.Debug|x86.Build.0 = Debug|Any CPU
		{BA9E737E-5DA3-4C35-BE5F-4D7EA019D079}.Dev2|Any CPU.ActiveCfg = Debug|Any CPU
		{BA9E737E-5DA3-4C35-BE5F-4D7EA019D079}.Dev2|Any CPU.Build.0 = Debug|Any CPU
		{BA9E737E-5DA3-4C35-BE5F-4D7EA019D079}.Dev2|Mixed Platforms.ActiveCfg = Debug|Any CPU
		{BA9E737E-5DA3-4C35-BE5F-4D7EA019D079}.Dev2|Mixed Platforms.Build.0 = Debug|Any CPU
		{BA9E737E-5DA3-4C35-BE5F-4D7EA019D079}.Dev2|x86.ActiveCfg = Debug|Any CPU
		{BA9E737E-5DA3-4C35-BE5F-4D7EA019D079}.Dev2|x86.Build.0 = Debug|Any CPU
		{BA9E737E-5DA3-4C35-BE5F-4D7EA019D079}.Development|Any CPU.ActiveCfg = Debug|Any CPU
		{BA9E737E-5DA3-4C35-BE5F-4D7EA019D079}.Development|Any CPU.Build.0 = Debug|Any CPU
		{BA9E737E-5DA3-4C35-BE5F-4D7EA019D079}.Development|Mixed Platforms.ActiveCfg = Debug|Any CPU
		{BA9E737E-5DA3-4C35-BE5F-4D7EA019D079}.Development|Mixed Platforms.Build.0 = Debug|Any CPU
		{BA9E737E-5DA3-4C35-BE5F-4D7EA019D079}.Development|x86.ActiveCfg = Debug|Any CPU
		{BA9E737E-5DA3-4C35-BE5F-4D7EA019D079}.Development|x86.Build.0 = Debug|Any CPU
		{BA9E737E-5DA3-4C35-BE5F-4D7EA019D079}.PreProduction|Any CPU.ActiveCfg = Release|Any CPU
		{BA9E737E-5DA3-4C35-BE5F-4D7EA019D079}.PreProduction|Any CPU.Build.0 = Release|Any CPU
		{BA9E737E-5DA3-4C35-BE5F-4D7EA019D079}.PreProduction|Mixed Platforms.ActiveCfg = Release|Any CPU
		{BA9E737E-5DA3-4C35-BE5F-4D7EA019D079}.PreProduction|Mixed Platforms.Build.0 = Release|Any CPU
		{BA9E737E-5DA3-4C35-BE5F-4D7EA019D079}.PreProduction|x86.ActiveCfg = Release|Any CPU
		{BA9E737E-5DA3-4C35-BE5F-4D7EA019D079}.PreProduction|x86.Build.0 = Release|Any CPU
		{BA9E737E-5DA3-4C35-BE5F-4D7EA019D079}.Production|Any CPU.ActiveCfg = Release|Any CPU
		{BA9E737E-5DA3-4C35-BE5F-4D7EA019D079}.Production|Any CPU.Build.0 = Release|Any CPU
		{BA9E737E-5DA3-4C35-BE5F-4D7EA019D079}.Production|Mixed Platforms.ActiveCfg = Release|Any CPU
		{BA9E737E-5DA3-4C35-BE5F-4D7EA019D079}.Production|Mixed Platforms.Build.0 = Release|Any CPU
		{BA9E737E-5DA3-4C35-BE5F-4D7EA019D079}.Production|x86.ActiveCfg = Release|Any CPU
		{BA9E737E-5DA3-4C35-BE5F-4D7EA019D079}.Production|x86.Build.0 = Release|Any CPU
		{BA9E737E-5DA3-4C35-BE5F-4D7EA019D079}.Release|Any CPU.ActiveCfg = Release|Any CPU
		{BA9E737E-5DA3-4C35-BE5F-4D7EA019D079}.Release|Any CPU.Build.0 = Release|Any CPU
		{BA9E737E-5DA3-4C35-BE5F-4D7EA019D079}.Release|Mixed Platforms.ActiveCfg = Release|Any CPU
		{BA9E737E-5DA3-4C35-BE5F-4D7EA019D079}.Release|Mixed Platforms.Build.0 = Release|Any CPU
		{BA9E737E-5DA3-4C35-BE5F-4D7EA019D079}.Release|x86.ActiveCfg = Release|Any CPU
		{BA9E737E-5DA3-4C35-BE5F-4D7EA019D079}.Release|x86.Build.0 = Release|Any CPU
		{BA9E737E-5DA3-4C35-BE5F-4D7EA019D079}.Test|Any CPU.ActiveCfg = Release|Any CPU
		{BA9E737E-5DA3-4C35-BE5F-4D7EA019D079}.Test|Any CPU.Build.0 = Release|Any CPU
		{BA9E737E-5DA3-4C35-BE5F-4D7EA019D079}.Test|Mixed Platforms.ActiveCfg = Release|Any CPU
		{BA9E737E-5DA3-4C35-BE5F-4D7EA019D079}.Test|Mixed Platforms.Build.0 = Release|Any CPU
		{BA9E737E-5DA3-4C35-BE5F-4D7EA019D079}.Test|x86.ActiveCfg = Release|Any CPU
		{BA9E737E-5DA3-4C35-BE5F-4D7EA019D079}.Test|x86.Build.0 = Release|Any CPU
		{8FF0E94C-E925-4020-84B0-A5F23C77E3D1}.Debug|Any CPU.ActiveCfg = Debug|Any CPU
		{8FF0E94C-E925-4020-84B0-A5F23C77E3D1}.Debug|Any CPU.Build.0 = Debug|Any CPU
		{8FF0E94C-E925-4020-84B0-A5F23C77E3D1}.Debug|Mixed Platforms.ActiveCfg = Debug|Any CPU
		{8FF0E94C-E925-4020-84B0-A5F23C77E3D1}.Debug|Mixed Platforms.Build.0 = Debug|Any CPU
		{8FF0E94C-E925-4020-84B0-A5F23C77E3D1}.Debug|x86.ActiveCfg = Debug|Any CPU
		{8FF0E94C-E925-4020-84B0-A5F23C77E3D1}.Debug|x86.Build.0 = Debug|Any CPU
		{8FF0E94C-E925-4020-84B0-A5F23C77E3D1}.Dev2|Any CPU.ActiveCfg = Debug|Any CPU
		{8FF0E94C-E925-4020-84B0-A5F23C77E3D1}.Dev2|Any CPU.Build.0 = Debug|Any CPU
		{8FF0E94C-E925-4020-84B0-A5F23C77E3D1}.Dev2|Mixed Platforms.ActiveCfg = Debug|Any CPU
		{8FF0E94C-E925-4020-84B0-A5F23C77E3D1}.Dev2|Mixed Platforms.Build.0 = Debug|Any CPU
		{8FF0E94C-E925-4020-84B0-A5F23C77E3D1}.Dev2|x86.ActiveCfg = Debug|Any CPU
		{8FF0E94C-E925-4020-84B0-A5F23C77E3D1}.Dev2|x86.Build.0 = Debug|Any CPU
		{8FF0E94C-E925-4020-84B0-A5F23C77E3D1}.Development|Any CPU.ActiveCfg = Debug|Any CPU
		{8FF0E94C-E925-4020-84B0-A5F23C77E3D1}.Development|Any CPU.Build.0 = Debug|Any CPU
		{8FF0E94C-E925-4020-84B0-A5F23C77E3D1}.Development|Mixed Platforms.ActiveCfg = Debug|Any CPU
		{8FF0E94C-E925-4020-84B0-A5F23C77E3D1}.Development|Mixed Platforms.Build.0 = Debug|Any CPU
		{8FF0E94C-E925-4020-84B0-A5F23C77E3D1}.Development|x86.ActiveCfg = Debug|Any CPU
		{8FF0E94C-E925-4020-84B0-A5F23C77E3D1}.Development|x86.Build.0 = Debug|Any CPU
		{8FF0E94C-E925-4020-84B0-A5F23C77E3D1}.PreProduction|Any CPU.ActiveCfg = PreProduction|Any CPU
		{8FF0E94C-E925-4020-84B0-A5F23C77E3D1}.PreProduction|Any CPU.Build.0 = PreProduction|Any CPU
		{8FF0E94C-E925-4020-84B0-A5F23C77E3D1}.PreProduction|Mixed Platforms.ActiveCfg = PreProduction|Any CPU
		{8FF0E94C-E925-4020-84B0-A5F23C77E3D1}.PreProduction|Mixed Platforms.Build.0 = PreProduction|Any CPU
		{8FF0E94C-E925-4020-84B0-A5F23C77E3D1}.PreProduction|x86.ActiveCfg = PreProduction|Any CPU
		{8FF0E94C-E925-4020-84B0-A5F23C77E3D1}.PreProduction|x86.Build.0 = PreProduction|Any CPU
		{8FF0E94C-E925-4020-84B0-A5F23C77E3D1}.Production|Any CPU.ActiveCfg = Release|Any CPU
		{8FF0E94C-E925-4020-84B0-A5F23C77E3D1}.Production|Any CPU.Build.0 = Release|Any CPU
		{8FF0E94C-E925-4020-84B0-A5F23C77E3D1}.Production|Mixed Platforms.ActiveCfg = Release|Any CPU
		{8FF0E94C-E925-4020-84B0-A5F23C77E3D1}.Production|Mixed Platforms.Build.0 = Release|Any CPU
		{8FF0E94C-E925-4020-84B0-A5F23C77E3D1}.Production|x86.ActiveCfg = Release|Any CPU
		{8FF0E94C-E925-4020-84B0-A5F23C77E3D1}.Production|x86.Build.0 = Release|Any CPU
		{8FF0E94C-E925-4020-84B0-A5F23C77E3D1}.Release|Any CPU.ActiveCfg = Release|Any CPU
		{8FF0E94C-E925-4020-84B0-A5F23C77E3D1}.Release|Any CPU.Build.0 = Release|Any CPU
		{8FF0E94C-E925-4020-84B0-A5F23C77E3D1}.Release|Mixed Platforms.ActiveCfg = Release|Any CPU
		{8FF0E94C-E925-4020-84B0-A5F23C77E3D1}.Release|Mixed Platforms.Build.0 = Release|Any CPU
		{8FF0E94C-E925-4020-84B0-A5F23C77E3D1}.Release|x86.ActiveCfg = Release|Any CPU
		{8FF0E94C-E925-4020-84B0-A5F23C77E3D1}.Release|x86.Build.0 = Release|Any CPU
		{8FF0E94C-E925-4020-84B0-A5F23C77E3D1}.Test|Any CPU.ActiveCfg = Release|Any CPU
		{8FF0E94C-E925-4020-84B0-A5F23C77E3D1}.Test|Any CPU.Build.0 = Release|Any CPU
		{8FF0E94C-E925-4020-84B0-A5F23C77E3D1}.Test|Mixed Platforms.ActiveCfg = Release|Any CPU
		{8FF0E94C-E925-4020-84B0-A5F23C77E3D1}.Test|Mixed Platforms.Build.0 = Release|Any CPU
		{8FF0E94C-E925-4020-84B0-A5F23C77E3D1}.Test|x86.ActiveCfg = Release|Any CPU
		{8FF0E94C-E925-4020-84B0-A5F23C77E3D1}.Test|x86.Build.0 = Release|Any CPU
		{AF1A04EE-98FC-4A92-81BC-9743A7F55DBD}.Debug|Any CPU.ActiveCfg = Debug|Any CPU
		{AF1A04EE-98FC-4A92-81BC-9743A7F55DBD}.Debug|Any CPU.Build.0 = Debug|Any CPU
		{AF1A04EE-98FC-4A92-81BC-9743A7F55DBD}.Debug|Mixed Platforms.ActiveCfg = Debug|Any CPU
		{AF1A04EE-98FC-4A92-81BC-9743A7F55DBD}.Debug|Mixed Platforms.Build.0 = Debug|Any CPU
		{AF1A04EE-98FC-4A92-81BC-9743A7F55DBD}.Debug|x86.ActiveCfg = Debug|Any CPU
		{AF1A04EE-98FC-4A92-81BC-9743A7F55DBD}.Debug|x86.Build.0 = Debug|Any CPU
		{AF1A04EE-98FC-4A92-81BC-9743A7F55DBD}.Dev2|Any CPU.ActiveCfg = Debug|Any CPU
		{AF1A04EE-98FC-4A92-81BC-9743A7F55DBD}.Dev2|Any CPU.Build.0 = Debug|Any CPU
		{AF1A04EE-98FC-4A92-81BC-9743A7F55DBD}.Dev2|Mixed Platforms.ActiveCfg = Debug|Any CPU
		{AF1A04EE-98FC-4A92-81BC-9743A7F55DBD}.Dev2|Mixed Platforms.Build.0 = Debug|Any CPU
		{AF1A04EE-98FC-4A92-81BC-9743A7F55DBD}.Dev2|x86.ActiveCfg = Debug|Any CPU
		{AF1A04EE-98FC-4A92-81BC-9743A7F55DBD}.Dev2|x86.Build.0 = Debug|Any CPU
		{AF1A04EE-98FC-4A92-81BC-9743A7F55DBD}.Development|Any CPU.ActiveCfg = Debug|Any CPU
		{AF1A04EE-98FC-4A92-81BC-9743A7F55DBD}.Development|Any CPU.Build.0 = Debug|Any CPU
		{AF1A04EE-98FC-4A92-81BC-9743A7F55DBD}.Development|Mixed Platforms.ActiveCfg = Debug|Any CPU
		{AF1A04EE-98FC-4A92-81BC-9743A7F55DBD}.Development|Mixed Platforms.Build.0 = Debug|Any CPU
		{AF1A04EE-98FC-4A92-81BC-9743A7F55DBD}.Development|x86.ActiveCfg = Debug|Any CPU
		{AF1A04EE-98FC-4A92-81BC-9743A7F55DBD}.Development|x86.Build.0 = Debug|Any CPU
		{AF1A04EE-98FC-4A92-81BC-9743A7F55DBD}.PreProduction|Any CPU.ActiveCfg = PreProduction|Any CPU
		{AF1A04EE-98FC-4A92-81BC-9743A7F55DBD}.PreProduction|Any CPU.Build.0 = PreProduction|Any CPU
		{AF1A04EE-98FC-4A92-81BC-9743A7F55DBD}.PreProduction|Mixed Platforms.ActiveCfg = PreProduction|Any CPU
		{AF1A04EE-98FC-4A92-81BC-9743A7F55DBD}.PreProduction|Mixed Platforms.Build.0 = PreProduction|Any CPU
		{AF1A04EE-98FC-4A92-81BC-9743A7F55DBD}.PreProduction|x86.ActiveCfg = PreProduction|Any CPU
		{AF1A04EE-98FC-4A92-81BC-9743A7F55DBD}.PreProduction|x86.Build.0 = PreProduction|Any CPU
		{AF1A04EE-98FC-4A92-81BC-9743A7F55DBD}.Production|Any CPU.ActiveCfg = Release|Any CPU
		{AF1A04EE-98FC-4A92-81BC-9743A7F55DBD}.Production|Any CPU.Build.0 = Release|Any CPU
		{AF1A04EE-98FC-4A92-81BC-9743A7F55DBD}.Production|Mixed Platforms.ActiveCfg = Release|Any CPU
		{AF1A04EE-98FC-4A92-81BC-9743A7F55DBD}.Production|Mixed Platforms.Build.0 = Release|Any CPU
		{AF1A04EE-98FC-4A92-81BC-9743A7F55DBD}.Production|x86.ActiveCfg = Release|Any CPU
		{AF1A04EE-98FC-4A92-81BC-9743A7F55DBD}.Production|x86.Build.0 = Release|Any CPU
		{AF1A04EE-98FC-4A92-81BC-9743A7F55DBD}.Release|Any CPU.ActiveCfg = Release|Any CPU
		{AF1A04EE-98FC-4A92-81BC-9743A7F55DBD}.Release|Any CPU.Build.0 = Release|Any CPU
		{AF1A04EE-98FC-4A92-81BC-9743A7F55DBD}.Release|Mixed Platforms.ActiveCfg = Release|Any CPU
		{AF1A04EE-98FC-4A92-81BC-9743A7F55DBD}.Release|Mixed Platforms.Build.0 = Release|Any CPU
		{AF1A04EE-98FC-4A92-81BC-9743A7F55DBD}.Release|x86.ActiveCfg = Release|Any CPU
		{AF1A04EE-98FC-4A92-81BC-9743A7F55DBD}.Release|x86.Build.0 = Release|Any CPU
		{AF1A04EE-98FC-4A92-81BC-9743A7F55DBD}.Test|Any CPU.ActiveCfg = Release|Any CPU
		{AF1A04EE-98FC-4A92-81BC-9743A7F55DBD}.Test|Any CPU.Build.0 = Release|Any CPU
		{AF1A04EE-98FC-4A92-81BC-9743A7F55DBD}.Test|Mixed Platforms.ActiveCfg = Test|Any CPU
		{AF1A04EE-98FC-4A92-81BC-9743A7F55DBD}.Test|Mixed Platforms.Build.0 = Test|Any CPU
		{AF1A04EE-98FC-4A92-81BC-9743A7F55DBD}.Test|x86.ActiveCfg = Release|Any CPU
		{AF1A04EE-98FC-4A92-81BC-9743A7F55DBD}.Test|x86.Build.0 = Release|Any CPU
		{6C51AA12-4AFD-4343-A8C4-07A72A45E1DC}.Debug|Any CPU.ActiveCfg = Debug|Any CPU
		{6C51AA12-4AFD-4343-A8C4-07A72A45E1DC}.Debug|Any CPU.Build.0 = Debug|Any CPU
		{6C51AA12-4AFD-4343-A8C4-07A72A45E1DC}.Debug|Mixed Platforms.ActiveCfg = Debug|Any CPU
		{6C51AA12-4AFD-4343-A8C4-07A72A45E1DC}.Debug|Mixed Platforms.Build.0 = Debug|Any CPU
		{6C51AA12-4AFD-4343-A8C4-07A72A45E1DC}.Debug|x86.ActiveCfg = Debug|Any CPU
		{6C51AA12-4AFD-4343-A8C4-07A72A45E1DC}.Debug|x86.Build.0 = Debug|Any CPU
		{6C51AA12-4AFD-4343-A8C4-07A72A45E1DC}.Dev2|Any CPU.ActiveCfg = Debug|Any CPU
		{6C51AA12-4AFD-4343-A8C4-07A72A45E1DC}.Dev2|Any CPU.Build.0 = Debug|Any CPU
		{6C51AA12-4AFD-4343-A8C4-07A72A45E1DC}.Dev2|Mixed Platforms.ActiveCfg = Debug|Any CPU
		{6C51AA12-4AFD-4343-A8C4-07A72A45E1DC}.Dev2|Mixed Platforms.Build.0 = Debug|Any CPU
		{6C51AA12-4AFD-4343-A8C4-07A72A45E1DC}.Dev2|x86.ActiveCfg = Debug|Any CPU
		{6C51AA12-4AFD-4343-A8C4-07A72A45E1DC}.Dev2|x86.Build.0 = Debug|Any CPU
		{6C51AA12-4AFD-4343-A8C4-07A72A45E1DC}.Development|Any CPU.ActiveCfg = Debug|Any CPU
		{6C51AA12-4AFD-4343-A8C4-07A72A45E1DC}.Development|Any CPU.Build.0 = Debug|Any CPU
		{6C51AA12-4AFD-4343-A8C4-07A72A45E1DC}.Development|Mixed Platforms.ActiveCfg = Debug|Any CPU
		{6C51AA12-4AFD-4343-A8C4-07A72A45E1DC}.Development|Mixed Platforms.Build.0 = Debug|Any CPU
		{6C51AA12-4AFD-4343-A8C4-07A72A45E1DC}.Development|x86.ActiveCfg = Debug|Any CPU
		{6C51AA12-4AFD-4343-A8C4-07A72A45E1DC}.Development|x86.Build.0 = Debug|Any CPU
		{6C51AA12-4AFD-4343-A8C4-07A72A45E1DC}.PreProduction|Any CPU.ActiveCfg = Release|Any CPU
		{6C51AA12-4AFD-4343-A8C4-07A72A45E1DC}.PreProduction|Any CPU.Build.0 = Release|Any CPU
		{6C51AA12-4AFD-4343-A8C4-07A72A45E1DC}.PreProduction|Mixed Platforms.ActiveCfg = Release|Any CPU
		{6C51AA12-4AFD-4343-A8C4-07A72A45E1DC}.PreProduction|Mixed Platforms.Build.0 = Release|Any CPU
		{6C51AA12-4AFD-4343-A8C4-07A72A45E1DC}.PreProduction|x86.ActiveCfg = Release|Any CPU
		{6C51AA12-4AFD-4343-A8C4-07A72A45E1DC}.PreProduction|x86.Build.0 = Release|Any CPU
		{6C51AA12-4AFD-4343-A8C4-07A72A45E1DC}.Production|Any CPU.ActiveCfg = Release|Any CPU
		{6C51AA12-4AFD-4343-A8C4-07A72A45E1DC}.Production|Any CPU.Build.0 = Release|Any CPU
		{6C51AA12-4AFD-4343-A8C4-07A72A45E1DC}.Production|Mixed Platforms.ActiveCfg = Release|Any CPU
		{6C51AA12-4AFD-4343-A8C4-07A72A45E1DC}.Production|Mixed Platforms.Build.0 = Release|Any CPU
		{6C51AA12-4AFD-4343-A8C4-07A72A45E1DC}.Production|x86.ActiveCfg = Release|Any CPU
		{6C51AA12-4AFD-4343-A8C4-07A72A45E1DC}.Production|x86.Build.0 = Release|Any CPU
		{6C51AA12-4AFD-4343-A8C4-07A72A45E1DC}.Release|Any CPU.ActiveCfg = Release|Any CPU
		{6C51AA12-4AFD-4343-A8C4-07A72A45E1DC}.Release|Any CPU.Build.0 = Release|Any CPU
		{6C51AA12-4AFD-4343-A8C4-07A72A45E1DC}.Release|Mixed Platforms.ActiveCfg = Release|Any CPU
		{6C51AA12-4AFD-4343-A8C4-07A72A45E1DC}.Release|Mixed Platforms.Build.0 = Release|Any CPU
		{6C51AA12-4AFD-4343-A8C4-07A72A45E1DC}.Release|x86.ActiveCfg = Release|Any CPU
		{6C51AA12-4AFD-4343-A8C4-07A72A45E1DC}.Release|x86.Build.0 = Release|Any CPU
		{6C51AA12-4AFD-4343-A8C4-07A72A45E1DC}.Test|Any CPU.ActiveCfg = Release|Any CPU
		{6C51AA12-4AFD-4343-A8C4-07A72A45E1DC}.Test|Any CPU.Build.0 = Release|Any CPU
		{6C51AA12-4AFD-4343-A8C4-07A72A45E1DC}.Test|Mixed Platforms.ActiveCfg = Release|Any CPU
		{6C51AA12-4AFD-4343-A8C4-07A72A45E1DC}.Test|Mixed Platforms.Build.0 = Release|Any CPU
		{6C51AA12-4AFD-4343-A8C4-07A72A45E1DC}.Test|x86.ActiveCfg = Release|Any CPU
		{6C51AA12-4AFD-4343-A8C4-07A72A45E1DC}.Test|x86.Build.0 = Release|Any CPU
		{E78D0D08-974C-4EB3-BF53-38BB70AA8B53}.Debug|Any CPU.ActiveCfg = Debug|Any CPU
		{E78D0D08-974C-4EB3-BF53-38BB70AA8B53}.Debug|Any CPU.Build.0 = Debug|Any CPU
		{E78D0D08-974C-4EB3-BF53-38BB70AA8B53}.Debug|Mixed Platforms.ActiveCfg = Debug|Any CPU
		{E78D0D08-974C-4EB3-BF53-38BB70AA8B53}.Debug|Mixed Platforms.Build.0 = Debug|Any CPU
		{E78D0D08-974C-4EB3-BF53-38BB70AA8B53}.Debug|x86.ActiveCfg = Debug|Any CPU
		{E78D0D08-974C-4EB3-BF53-38BB70AA8B53}.Debug|x86.Build.0 = Debug|Any CPU
		{E78D0D08-974C-4EB3-BF53-38BB70AA8B53}.Dev2|Any CPU.ActiveCfg = Debug|Any CPU
		{E78D0D08-974C-4EB3-BF53-38BB70AA8B53}.Dev2|Any CPU.Build.0 = Debug|Any CPU
		{E78D0D08-974C-4EB3-BF53-38BB70AA8B53}.Dev2|Mixed Platforms.ActiveCfg = Debug|Any CPU
		{E78D0D08-974C-4EB3-BF53-38BB70AA8B53}.Dev2|Mixed Platforms.Build.0 = Debug|Any CPU
		{E78D0D08-974C-4EB3-BF53-38BB70AA8B53}.Dev2|x86.ActiveCfg = Debug|Any CPU
		{E78D0D08-974C-4EB3-BF53-38BB70AA8B53}.Dev2|x86.Build.0 = Debug|Any CPU
		{E78D0D08-974C-4EB3-BF53-38BB70AA8B53}.Development|Any CPU.ActiveCfg = Debug|Any CPU
		{E78D0D08-974C-4EB3-BF53-38BB70AA8B53}.Development|Any CPU.Build.0 = Debug|Any CPU
		{E78D0D08-974C-4EB3-BF53-38BB70AA8B53}.Development|Mixed Platforms.ActiveCfg = Debug|Any CPU
		{E78D0D08-974C-4EB3-BF53-38BB70AA8B53}.Development|Mixed Platforms.Build.0 = Debug|Any CPU
		{E78D0D08-974C-4EB3-BF53-38BB70AA8B53}.Development|x86.ActiveCfg = Debug|Any CPU
		{E78D0D08-974C-4EB3-BF53-38BB70AA8B53}.Development|x86.Build.0 = Debug|Any CPU
		{E78D0D08-974C-4EB3-BF53-38BB70AA8B53}.PreProduction|Any CPU.ActiveCfg = Release|Any CPU
		{E78D0D08-974C-4EB3-BF53-38BB70AA8B53}.PreProduction|Any CPU.Build.0 = Release|Any CPU
		{E78D0D08-974C-4EB3-BF53-38BB70AA8B53}.PreProduction|Mixed Platforms.ActiveCfg = Release|Any CPU
		{E78D0D08-974C-4EB3-BF53-38BB70AA8B53}.PreProduction|Mixed Platforms.Build.0 = Release|Any CPU
		{E78D0D08-974C-4EB3-BF53-38BB70AA8B53}.PreProduction|x86.ActiveCfg = Release|Any CPU
		{E78D0D08-974C-4EB3-BF53-38BB70AA8B53}.PreProduction|x86.Build.0 = Release|Any CPU
		{E78D0D08-974C-4EB3-BF53-38BB70AA8B53}.Production|Any CPU.ActiveCfg = Release|Any CPU
		{E78D0D08-974C-4EB3-BF53-38BB70AA8B53}.Production|Any CPU.Build.0 = Release|Any CPU
		{E78D0D08-974C-4EB3-BF53-38BB70AA8B53}.Production|Mixed Platforms.ActiveCfg = Release|Any CPU
		{E78D0D08-974C-4EB3-BF53-38BB70AA8B53}.Production|Mixed Platforms.Build.0 = Release|Any CPU
		{E78D0D08-974C-4EB3-BF53-38BB70AA8B53}.Production|x86.ActiveCfg = Release|Any CPU
		{E78D0D08-974C-4EB3-BF53-38BB70AA8B53}.Production|x86.Build.0 = Release|Any CPU
		{E78D0D08-974C-4EB3-BF53-38BB70AA8B53}.Release|Any CPU.ActiveCfg = Release|Any CPU
		{E78D0D08-974C-4EB3-BF53-38BB70AA8B53}.Release|Any CPU.Build.0 = Release|Any CPU
		{E78D0D08-974C-4EB3-BF53-38BB70AA8B53}.Release|Mixed Platforms.ActiveCfg = Release|Any CPU
		{E78D0D08-974C-4EB3-BF53-38BB70AA8B53}.Release|Mixed Platforms.Build.0 = Release|Any CPU
		{E78D0D08-974C-4EB3-BF53-38BB70AA8B53}.Release|x86.ActiveCfg = Release|Any CPU
		{E78D0D08-974C-4EB3-BF53-38BB70AA8B53}.Release|x86.Build.0 = Release|Any CPU
		{E78D0D08-974C-4EB3-BF53-38BB70AA8B53}.Test|Any CPU.ActiveCfg = Release|Any CPU
		{E78D0D08-974C-4EB3-BF53-38BB70AA8B53}.Test|Any CPU.Build.0 = Release|Any CPU
		{E78D0D08-974C-4EB3-BF53-38BB70AA8B53}.Test|Mixed Platforms.ActiveCfg = Release|Any CPU
		{E78D0D08-974C-4EB3-BF53-38BB70AA8B53}.Test|Mixed Platforms.Build.0 = Release|Any CPU
		{E78D0D08-974C-4EB3-BF53-38BB70AA8B53}.Test|x86.ActiveCfg = Release|Any CPU
		{E78D0D08-974C-4EB3-BF53-38BB70AA8B53}.Test|x86.Build.0 = Release|Any CPU
		{C2FEDD52-732B-440A-9E4C-46E31D6E1E9E}.Debug|Any CPU.ActiveCfg = Debug|Any CPU
		{C2FEDD52-732B-440A-9E4C-46E31D6E1E9E}.Debug|Any CPU.Build.0 = Debug|Any CPU
		{C2FEDD52-732B-440A-9E4C-46E31D6E1E9E}.Debug|Mixed Platforms.ActiveCfg = Debug|Any CPU
		{C2FEDD52-732B-440A-9E4C-46E31D6E1E9E}.Debug|Mixed Platforms.Build.0 = Debug|Any CPU
		{C2FEDD52-732B-440A-9E4C-46E31D6E1E9E}.Debug|x86.ActiveCfg = Debug|Any CPU
		{C2FEDD52-732B-440A-9E4C-46E31D6E1E9E}.Debug|x86.Build.0 = Debug|Any CPU
		{C2FEDD52-732B-440A-9E4C-46E31D6E1E9E}.Dev2|Any CPU.ActiveCfg = Debug|Any CPU
		{C2FEDD52-732B-440A-9E4C-46E31D6E1E9E}.Dev2|Any CPU.Build.0 = Debug|Any CPU
		{C2FEDD52-732B-440A-9E4C-46E31D6E1E9E}.Dev2|Mixed Platforms.ActiveCfg = Debug|Any CPU
		{C2FEDD52-732B-440A-9E4C-46E31D6E1E9E}.Dev2|Mixed Platforms.Build.0 = Debug|Any CPU
		{C2FEDD52-732B-440A-9E4C-46E31D6E1E9E}.Dev2|x86.ActiveCfg = Debug|Any CPU
		{C2FEDD52-732B-440A-9E4C-46E31D6E1E9E}.Dev2|x86.Build.0 = Debug|Any CPU
		{C2FEDD52-732B-440A-9E4C-46E31D6E1E9E}.Development|Any CPU.ActiveCfg = Debug|Any CPU
		{C2FEDD52-732B-440A-9E4C-46E31D6E1E9E}.Development|Any CPU.Build.0 = Debug|Any CPU
		{C2FEDD52-732B-440A-9E4C-46E31D6E1E9E}.Development|Mixed Platforms.ActiveCfg = Debug|Any CPU
		{C2FEDD52-732B-440A-9E4C-46E31D6E1E9E}.Development|Mixed Platforms.Build.0 = Debug|Any CPU
		{C2FEDD52-732B-440A-9E4C-46E31D6E1E9E}.Development|x86.ActiveCfg = Debug|Any CPU
		{C2FEDD52-732B-440A-9E4C-46E31D6E1E9E}.Development|x86.Build.0 = Debug|Any CPU
		{C2FEDD52-732B-440A-9E4C-46E31D6E1E9E}.PreProduction|Any CPU.ActiveCfg = Release|Any CPU
		{C2FEDD52-732B-440A-9E4C-46E31D6E1E9E}.PreProduction|Any CPU.Build.0 = Release|Any CPU
		{C2FEDD52-732B-440A-9E4C-46E31D6E1E9E}.PreProduction|Mixed Platforms.ActiveCfg = Release|Any CPU
		{C2FEDD52-732B-440A-9E4C-46E31D6E1E9E}.PreProduction|Mixed Platforms.Build.0 = Release|Any CPU
		{C2FEDD52-732B-440A-9E4C-46E31D6E1E9E}.PreProduction|x86.ActiveCfg = Release|Any CPU
		{C2FEDD52-732B-440A-9E4C-46E31D6E1E9E}.PreProduction|x86.Build.0 = Release|Any CPU
		{C2FEDD52-732B-440A-9E4C-46E31D6E1E9E}.Production|Any CPU.ActiveCfg = Release|Any CPU
		{C2FEDD52-732B-440A-9E4C-46E31D6E1E9E}.Production|Any CPU.Build.0 = Release|Any CPU
		{C2FEDD52-732B-440A-9E4C-46E31D6E1E9E}.Production|Mixed Platforms.ActiveCfg = Release|Any CPU
		{C2FEDD52-732B-440A-9E4C-46E31D6E1E9E}.Production|Mixed Platforms.Build.0 = Release|Any CPU
		{C2FEDD52-732B-440A-9E4C-46E31D6E1E9E}.Production|x86.ActiveCfg = Release|Any CPU
		{C2FEDD52-732B-440A-9E4C-46E31D6E1E9E}.Production|x86.Build.0 = Release|Any CPU
		{C2FEDD52-732B-440A-9E4C-46E31D6E1E9E}.Release|Any CPU.ActiveCfg = Release|Any CPU
		{C2FEDD52-732B-440A-9E4C-46E31D6E1E9E}.Release|Any CPU.Build.0 = Release|Any CPU
		{C2FEDD52-732B-440A-9E4C-46E31D6E1E9E}.Release|Mixed Platforms.ActiveCfg = Release|Any CPU
		{C2FEDD52-732B-440A-9E4C-46E31D6E1E9E}.Release|Mixed Platforms.Build.0 = Release|Any CPU
		{C2FEDD52-732B-440A-9E4C-46E31D6E1E9E}.Release|x86.ActiveCfg = Release|Any CPU
		{C2FEDD52-732B-440A-9E4C-46E31D6E1E9E}.Release|x86.Build.0 = Release|Any CPU
		{C2FEDD52-732B-440A-9E4C-46E31D6E1E9E}.Test|Any CPU.ActiveCfg = Release|Any CPU
		{C2FEDD52-732B-440A-9E4C-46E31D6E1E9E}.Test|Any CPU.Build.0 = Release|Any CPU
		{C2FEDD52-732B-440A-9E4C-46E31D6E1E9E}.Test|Mixed Platforms.ActiveCfg = Release|Any CPU
		{C2FEDD52-732B-440A-9E4C-46E31D6E1E9E}.Test|Mixed Platforms.Build.0 = Release|Any CPU
		{C2FEDD52-732B-440A-9E4C-46E31D6E1E9E}.Test|x86.ActiveCfg = Release|Any CPU
		{C2FEDD52-732B-440A-9E4C-46E31D6E1E9E}.Test|x86.Build.0 = Release|Any CPU
		{FF4093B6-88E9-45EB-8503-D25E9BF46AA1}.Debug|Any CPU.ActiveCfg = Debug|Any CPU
		{FF4093B6-88E9-45EB-8503-D25E9BF46AA1}.Debug|Any CPU.Build.0 = Debug|Any CPU
		{FF4093B6-88E9-45EB-8503-D25E9BF46AA1}.Debug|Mixed Platforms.ActiveCfg = Debug|Any CPU
		{FF4093B6-88E9-45EB-8503-D25E9BF46AA1}.Debug|Mixed Platforms.Build.0 = Debug|Any CPU
		{FF4093B6-88E9-45EB-8503-D25E9BF46AA1}.Debug|x86.ActiveCfg = Debug|Any CPU
		{FF4093B6-88E9-45EB-8503-D25E9BF46AA1}.Debug|x86.Build.0 = Debug|Any CPU
		{FF4093B6-88E9-45EB-8503-D25E9BF46AA1}.Dev2|Any CPU.ActiveCfg = Debug|Any CPU
		{FF4093B6-88E9-45EB-8503-D25E9BF46AA1}.Dev2|Any CPU.Build.0 = Debug|Any CPU
		{FF4093B6-88E9-45EB-8503-D25E9BF46AA1}.Dev2|Mixed Platforms.ActiveCfg = Debug|Any CPU
		{FF4093B6-88E9-45EB-8503-D25E9BF46AA1}.Dev2|Mixed Platforms.Build.0 = Debug|Any CPU
		{FF4093B6-88E9-45EB-8503-D25E9BF46AA1}.Dev2|x86.ActiveCfg = Debug|Any CPU
		{FF4093B6-88E9-45EB-8503-D25E9BF46AA1}.Dev2|x86.Build.0 = Debug|Any CPU
		{FF4093B6-88E9-45EB-8503-D25E9BF46AA1}.Development|Any CPU.ActiveCfg = Debug|Any CPU
		{FF4093B6-88E9-45EB-8503-D25E9BF46AA1}.Development|Any CPU.Build.0 = Debug|Any CPU
		{FF4093B6-88E9-45EB-8503-D25E9BF46AA1}.Development|Mixed Platforms.ActiveCfg = Debug|Any CPU
		{FF4093B6-88E9-45EB-8503-D25E9BF46AA1}.Development|Mixed Platforms.Build.0 = Debug|Any CPU
		{FF4093B6-88E9-45EB-8503-D25E9BF46AA1}.Development|x86.ActiveCfg = Debug|Any CPU
		{FF4093B6-88E9-45EB-8503-D25E9BF46AA1}.Development|x86.Build.0 = Debug|Any CPU
		{FF4093B6-88E9-45EB-8503-D25E9BF46AA1}.PreProduction|Any CPU.ActiveCfg = Release|Any CPU
		{FF4093B6-88E9-45EB-8503-D25E9BF46AA1}.PreProduction|Any CPU.Build.0 = Release|Any CPU
		{FF4093B6-88E9-45EB-8503-D25E9BF46AA1}.PreProduction|Mixed Platforms.ActiveCfg = Release|Any CPU
		{FF4093B6-88E9-45EB-8503-D25E9BF46AA1}.PreProduction|Mixed Platforms.Build.0 = Release|Any CPU
		{FF4093B6-88E9-45EB-8503-D25E9BF46AA1}.PreProduction|x86.ActiveCfg = Release|Any CPU
		{FF4093B6-88E9-45EB-8503-D25E9BF46AA1}.PreProduction|x86.Build.0 = Release|Any CPU
		{FF4093B6-88E9-45EB-8503-D25E9BF46AA1}.Production|Any CPU.ActiveCfg = Release|Any CPU
		{FF4093B6-88E9-45EB-8503-D25E9BF46AA1}.Production|Any CPU.Build.0 = Release|Any CPU
		{FF4093B6-88E9-45EB-8503-D25E9BF46AA1}.Production|Mixed Platforms.ActiveCfg = Release|Any CPU
		{FF4093B6-88E9-45EB-8503-D25E9BF46AA1}.Production|Mixed Platforms.Build.0 = Release|Any CPU
		{FF4093B6-88E9-45EB-8503-D25E9BF46AA1}.Production|x86.ActiveCfg = Release|Any CPU
		{FF4093B6-88E9-45EB-8503-D25E9BF46AA1}.Production|x86.Build.0 = Release|Any CPU
		{FF4093B6-88E9-45EB-8503-D25E9BF46AA1}.Release|Any CPU.ActiveCfg = Release|Any CPU
		{FF4093B6-88E9-45EB-8503-D25E9BF46AA1}.Release|Any CPU.Build.0 = Release|Any CPU
		{FF4093B6-88E9-45EB-8503-D25E9BF46AA1}.Release|Mixed Platforms.ActiveCfg = Release|Any CPU
		{FF4093B6-88E9-45EB-8503-D25E9BF46AA1}.Release|Mixed Platforms.Build.0 = Release|Any CPU
		{FF4093B6-88E9-45EB-8503-D25E9BF46AA1}.Release|x86.ActiveCfg = Release|Any CPU
		{FF4093B6-88E9-45EB-8503-D25E9BF46AA1}.Release|x86.Build.0 = Release|Any CPU
		{FF4093B6-88E9-45EB-8503-D25E9BF46AA1}.Test|Any CPU.ActiveCfg = Release|Any CPU
		{FF4093B6-88E9-45EB-8503-D25E9BF46AA1}.Test|Any CPU.Build.0 = Release|Any CPU
		{FF4093B6-88E9-45EB-8503-D25E9BF46AA1}.Test|Mixed Platforms.ActiveCfg = Release|Any CPU
		{FF4093B6-88E9-45EB-8503-D25E9BF46AA1}.Test|Mixed Platforms.Build.0 = Release|Any CPU
		{FF4093B6-88E9-45EB-8503-D25E9BF46AA1}.Test|x86.ActiveCfg = Release|Any CPU
		{FF4093B6-88E9-45EB-8503-D25E9BF46AA1}.Test|x86.Build.0 = Release|Any CPU
		{366E0D26-CEA3-4657-9931-3C1974A278CB}.Debug|Any CPU.ActiveCfg = Debug|Any CPU
		{366E0D26-CEA3-4657-9931-3C1974A278CB}.Debug|Any CPU.Build.0 = Debug|Any CPU
		{366E0D26-CEA3-4657-9931-3C1974A278CB}.Debug|Mixed Platforms.ActiveCfg = Debug|Any CPU
		{366E0D26-CEA3-4657-9931-3C1974A278CB}.Debug|Mixed Platforms.Build.0 = Debug|Any CPU
		{366E0D26-CEA3-4657-9931-3C1974A278CB}.Debug|x86.ActiveCfg = Debug|Any CPU
		{366E0D26-CEA3-4657-9931-3C1974A278CB}.Debug|x86.Build.0 = Debug|Any CPU
		{366E0D26-CEA3-4657-9931-3C1974A278CB}.Dev2|Any CPU.ActiveCfg = Debug|Any CPU
		{366E0D26-CEA3-4657-9931-3C1974A278CB}.Dev2|Any CPU.Build.0 = Debug|Any CPU
		{366E0D26-CEA3-4657-9931-3C1974A278CB}.Dev2|Mixed Platforms.ActiveCfg = Debug|Any CPU
		{366E0D26-CEA3-4657-9931-3C1974A278CB}.Dev2|Mixed Platforms.Build.0 = Debug|Any CPU
		{366E0D26-CEA3-4657-9931-3C1974A278CB}.Dev2|x86.ActiveCfg = Debug|Any CPU
		{366E0D26-CEA3-4657-9931-3C1974A278CB}.Dev2|x86.Build.0 = Debug|Any CPU
		{366E0D26-CEA3-4657-9931-3C1974A278CB}.Development|Any CPU.ActiveCfg = Debug|Any CPU
		{366E0D26-CEA3-4657-9931-3C1974A278CB}.Development|Any CPU.Build.0 = Debug|Any CPU
		{366E0D26-CEA3-4657-9931-3C1974A278CB}.Development|Mixed Platforms.ActiveCfg = Debug|Any CPU
		{366E0D26-CEA3-4657-9931-3C1974A278CB}.Development|Mixed Platforms.Build.0 = Debug|Any CPU
		{366E0D26-CEA3-4657-9931-3C1974A278CB}.Development|x86.ActiveCfg = Debug|Any CPU
		{366E0D26-CEA3-4657-9931-3C1974A278CB}.Development|x86.Build.0 = Debug|Any CPU
		{366E0D26-CEA3-4657-9931-3C1974A278CB}.PreProduction|Any CPU.ActiveCfg = Release|Any CPU
		{366E0D26-CEA3-4657-9931-3C1974A278CB}.PreProduction|Any CPU.Build.0 = Release|Any CPU
		{366E0D26-CEA3-4657-9931-3C1974A278CB}.PreProduction|Mixed Platforms.ActiveCfg = Release|Any CPU
		{366E0D26-CEA3-4657-9931-3C1974A278CB}.PreProduction|Mixed Platforms.Build.0 = Release|Any CPU
		{366E0D26-CEA3-4657-9931-3C1974A278CB}.PreProduction|x86.ActiveCfg = Release|Any CPU
		{366E0D26-CEA3-4657-9931-3C1974A278CB}.PreProduction|x86.Build.0 = Release|Any CPU
		{366E0D26-CEA3-4657-9931-3C1974A278CB}.Production|Any CPU.ActiveCfg = Release|Any CPU
		{366E0D26-CEA3-4657-9931-3C1974A278CB}.Production|Any CPU.Build.0 = Release|Any CPU
		{366E0D26-CEA3-4657-9931-3C1974A278CB}.Production|Mixed Platforms.ActiveCfg = Release|Any CPU
		{366E0D26-CEA3-4657-9931-3C1974A278CB}.Production|Mixed Platforms.Build.0 = Release|Any CPU
		{366E0D26-CEA3-4657-9931-3C1974A278CB}.Production|x86.ActiveCfg = Release|Any CPU
		{366E0D26-CEA3-4657-9931-3C1974A278CB}.Production|x86.Build.0 = Release|Any CPU
		{366E0D26-CEA3-4657-9931-3C1974A278CB}.Release|Any CPU.ActiveCfg = Release|Any CPU
		{366E0D26-CEA3-4657-9931-3C1974A278CB}.Release|Any CPU.Build.0 = Release|Any CPU
		{366E0D26-CEA3-4657-9931-3C1974A278CB}.Release|Mixed Platforms.ActiveCfg = Release|Any CPU
		{366E0D26-CEA3-4657-9931-3C1974A278CB}.Release|Mixed Platforms.Build.0 = Release|Any CPU
		{366E0D26-CEA3-4657-9931-3C1974A278CB}.Release|x86.ActiveCfg = Release|Any CPU
		{366E0D26-CEA3-4657-9931-3C1974A278CB}.Release|x86.Build.0 = Release|Any CPU
		{366E0D26-CEA3-4657-9931-3C1974A278CB}.Test|Any CPU.ActiveCfg = Release|Any CPU
		{366E0D26-CEA3-4657-9931-3C1974A278CB}.Test|Any CPU.Build.0 = Release|Any CPU
		{366E0D26-CEA3-4657-9931-3C1974A278CB}.Test|Mixed Platforms.ActiveCfg = Release|Any CPU
		{366E0D26-CEA3-4657-9931-3C1974A278CB}.Test|Mixed Platforms.Build.0 = Release|Any CPU
		{366E0D26-CEA3-4657-9931-3C1974A278CB}.Test|x86.ActiveCfg = Release|Any CPU
		{366E0D26-CEA3-4657-9931-3C1974A278CB}.Test|x86.Build.0 = Release|Any CPU
		{6C40C0B9-736B-49F6-BEC9-C54DAEE0E963}.Debug|Any CPU.ActiveCfg = Debug|Any CPU
		{6C40C0B9-736B-49F6-BEC9-C54DAEE0E963}.Debug|Any CPU.Build.0 = Debug|Any CPU
		{6C40C0B9-736B-49F6-BEC9-C54DAEE0E963}.Debug|Mixed Platforms.ActiveCfg = Debug|Any CPU
		{6C40C0B9-736B-49F6-BEC9-C54DAEE0E963}.Debug|Mixed Platforms.Build.0 = Debug|Any CPU
		{6C40C0B9-736B-49F6-BEC9-C54DAEE0E963}.Debug|x86.ActiveCfg = Debug|Any CPU
		{6C40C0B9-736B-49F6-BEC9-C54DAEE0E963}.Debug|x86.Build.0 = Debug|Any CPU
		{6C40C0B9-736B-49F6-BEC9-C54DAEE0E963}.Dev2|Any CPU.ActiveCfg = Debug|Any CPU
		{6C40C0B9-736B-49F6-BEC9-C54DAEE0E963}.Dev2|Any CPU.Build.0 = Debug|Any CPU
		{6C40C0B9-736B-49F6-BEC9-C54DAEE0E963}.Dev2|Mixed Platforms.ActiveCfg = Debug|Any CPU
		{6C40C0B9-736B-49F6-BEC9-C54DAEE0E963}.Dev2|Mixed Platforms.Build.0 = Debug|Any CPU
		{6C40C0B9-736B-49F6-BEC9-C54DAEE0E963}.Dev2|x86.ActiveCfg = Debug|Any CPU
		{6C40C0B9-736B-49F6-BEC9-C54DAEE0E963}.Dev2|x86.Build.0 = Debug|Any CPU
		{6C40C0B9-736B-49F6-BEC9-C54DAEE0E963}.Development|Any CPU.ActiveCfg = Debug|Any CPU
		{6C40C0B9-736B-49F6-BEC9-C54DAEE0E963}.Development|Any CPU.Build.0 = Debug|Any CPU
		{6C40C0B9-736B-49F6-BEC9-C54DAEE0E963}.Development|Mixed Platforms.ActiveCfg = Debug|Any CPU
		{6C40C0B9-736B-49F6-BEC9-C54DAEE0E963}.Development|Mixed Platforms.Build.0 = Debug|Any CPU
		{6C40C0B9-736B-49F6-BEC9-C54DAEE0E963}.Development|x86.ActiveCfg = Debug|Any CPU
		{6C40C0B9-736B-49F6-BEC9-C54DAEE0E963}.Development|x86.Build.0 = Debug|Any CPU
		{6C40C0B9-736B-49F6-BEC9-C54DAEE0E963}.PreProduction|Any CPU.ActiveCfg = Debug|Any CPU
		{6C40C0B9-736B-49F6-BEC9-C54DAEE0E963}.PreProduction|Any CPU.Build.0 = Debug|Any CPU
		{6C40C0B9-736B-49F6-BEC9-C54DAEE0E963}.PreProduction|Mixed Platforms.ActiveCfg = Debug|Any CPU
		{6C40C0B9-736B-49F6-BEC9-C54DAEE0E963}.PreProduction|Mixed Platforms.Build.0 = Debug|Any CPU
		{6C40C0B9-736B-49F6-BEC9-C54DAEE0E963}.PreProduction|x86.ActiveCfg = Debug|Any CPU
		{6C40C0B9-736B-49F6-BEC9-C54DAEE0E963}.PreProduction|x86.Build.0 = Debug|Any CPU
		{6C40C0B9-736B-49F6-BEC9-C54DAEE0E963}.Production|Any CPU.ActiveCfg = Debug|Any CPU
		{6C40C0B9-736B-49F6-BEC9-C54DAEE0E963}.Production|Any CPU.Build.0 = Debug|Any CPU
		{6C40C0B9-736B-49F6-BEC9-C54DAEE0E963}.Production|Mixed Platforms.ActiveCfg = Debug|Any CPU
		{6C40C0B9-736B-49F6-BEC9-C54DAEE0E963}.Production|Mixed Platforms.Build.0 = Debug|Any CPU
		{6C40C0B9-736B-49F6-BEC9-C54DAEE0E963}.Production|x86.ActiveCfg = Debug|Any CPU
		{6C40C0B9-736B-49F6-BEC9-C54DAEE0E963}.Production|x86.Build.0 = Debug|Any CPU
		{6C40C0B9-736B-49F6-BEC9-C54DAEE0E963}.Release|Any CPU.ActiveCfg = Release|Any CPU
		{6C40C0B9-736B-49F6-BEC9-C54DAEE0E963}.Release|Any CPU.Build.0 = Release|Any CPU
		{6C40C0B9-736B-49F6-BEC9-C54DAEE0E963}.Release|Mixed Platforms.ActiveCfg = Release|Any CPU
		{6C40C0B9-736B-49F6-BEC9-C54DAEE0E963}.Release|Mixed Platforms.Build.0 = Release|Any CPU
		{6C40C0B9-736B-49F6-BEC9-C54DAEE0E963}.Release|x86.ActiveCfg = Release|Any CPU
		{6C40C0B9-736B-49F6-BEC9-C54DAEE0E963}.Release|x86.Build.0 = Release|Any CPU
		{6C40C0B9-736B-49F6-BEC9-C54DAEE0E963}.Test|Any CPU.ActiveCfg = Debug|Any CPU
		{6C40C0B9-736B-49F6-BEC9-C54DAEE0E963}.Test|Any CPU.Build.0 = Debug|Any CPU
		{6C40C0B9-736B-49F6-BEC9-C54DAEE0E963}.Test|Mixed Platforms.ActiveCfg = Debug|Any CPU
		{6C40C0B9-736B-49F6-BEC9-C54DAEE0E963}.Test|Mixed Platforms.Build.0 = Debug|Any CPU
		{6C40C0B9-736B-49F6-BEC9-C54DAEE0E963}.Test|x86.ActiveCfg = Debug|Any CPU
		{6C40C0B9-736B-49F6-BEC9-C54DAEE0E963}.Test|x86.Build.0 = Debug|Any CPU
		{E7DCEF6D-2BCD-4E63-BFC3-115A833C2FD1}.Debug|Any CPU.ActiveCfg = Debug|Any CPU
		{E7DCEF6D-2BCD-4E63-BFC3-115A833C2FD1}.Debug|Any CPU.Build.0 = Debug|Any CPU
		{E7DCEF6D-2BCD-4E63-BFC3-115A833C2FD1}.Debug|Mixed Platforms.ActiveCfg = Debug|Any CPU
		{E7DCEF6D-2BCD-4E63-BFC3-115A833C2FD1}.Debug|Mixed Platforms.Build.0 = Debug|Any CPU
		{E7DCEF6D-2BCD-4E63-BFC3-115A833C2FD1}.Debug|x86.ActiveCfg = Debug|Any CPU
		{E7DCEF6D-2BCD-4E63-BFC3-115A833C2FD1}.Debug|x86.Build.0 = Debug|Any CPU
		{E7DCEF6D-2BCD-4E63-BFC3-115A833C2FD1}.Dev2|Any CPU.ActiveCfg = Debug|Any CPU
		{E7DCEF6D-2BCD-4E63-BFC3-115A833C2FD1}.Dev2|Any CPU.Build.0 = Debug|Any CPU
		{E7DCEF6D-2BCD-4E63-BFC3-115A833C2FD1}.Dev2|Mixed Platforms.ActiveCfg = Debug|Any CPU
		{E7DCEF6D-2BCD-4E63-BFC3-115A833C2FD1}.Dev2|Mixed Platforms.Build.0 = Debug|Any CPU
		{E7DCEF6D-2BCD-4E63-BFC3-115A833C2FD1}.Dev2|x86.ActiveCfg = Debug|Any CPU
		{E7DCEF6D-2BCD-4E63-BFC3-115A833C2FD1}.Dev2|x86.Build.0 = Debug|Any CPU
		{E7DCEF6D-2BCD-4E63-BFC3-115A833C2FD1}.Development|Any CPU.ActiveCfg = Debug|Any CPU
		{E7DCEF6D-2BCD-4E63-BFC3-115A833C2FD1}.Development|Any CPU.Build.0 = Debug|Any CPU
		{E7DCEF6D-2BCD-4E63-BFC3-115A833C2FD1}.Development|Mixed Platforms.ActiveCfg = Debug|Any CPU
		{E7DCEF6D-2BCD-4E63-BFC3-115A833C2FD1}.Development|Mixed Platforms.Build.0 = Debug|Any CPU
		{E7DCEF6D-2BCD-4E63-BFC3-115A833C2FD1}.Development|x86.ActiveCfg = Debug|Any CPU
		{E7DCEF6D-2BCD-4E63-BFC3-115A833C2FD1}.Development|x86.Build.0 = Debug|Any CPU
		{E7DCEF6D-2BCD-4E63-BFC3-115A833C2FD1}.PreProduction|Any CPU.ActiveCfg = Debug|Any CPU
		{E7DCEF6D-2BCD-4E63-BFC3-115A833C2FD1}.PreProduction|Any CPU.Build.0 = Debug|Any CPU
		{E7DCEF6D-2BCD-4E63-BFC3-115A833C2FD1}.PreProduction|Mixed Platforms.ActiveCfg = Debug|Any CPU
		{E7DCEF6D-2BCD-4E63-BFC3-115A833C2FD1}.PreProduction|Mixed Platforms.Build.0 = Debug|Any CPU
		{E7DCEF6D-2BCD-4E63-BFC3-115A833C2FD1}.PreProduction|x86.ActiveCfg = Debug|Any CPU
		{E7DCEF6D-2BCD-4E63-BFC3-115A833C2FD1}.PreProduction|x86.Build.0 = Debug|Any CPU
		{E7DCEF6D-2BCD-4E63-BFC3-115A833C2FD1}.Production|Any CPU.ActiveCfg = Debug|Any CPU
		{E7DCEF6D-2BCD-4E63-BFC3-115A833C2FD1}.Production|Any CPU.Build.0 = Debug|Any CPU
		{E7DCEF6D-2BCD-4E63-BFC3-115A833C2FD1}.Production|Mixed Platforms.ActiveCfg = Debug|Any CPU
		{E7DCEF6D-2BCD-4E63-BFC3-115A833C2FD1}.Production|Mixed Platforms.Build.0 = Debug|Any CPU
		{E7DCEF6D-2BCD-4E63-BFC3-115A833C2FD1}.Production|x86.ActiveCfg = Debug|Any CPU
		{E7DCEF6D-2BCD-4E63-BFC3-115A833C2FD1}.Production|x86.Build.0 = Debug|Any CPU
		{E7DCEF6D-2BCD-4E63-BFC3-115A833C2FD1}.Release|Any CPU.ActiveCfg = Release|Any CPU
		{E7DCEF6D-2BCD-4E63-BFC3-115A833C2FD1}.Release|Any CPU.Build.0 = Release|Any CPU
		{E7DCEF6D-2BCD-4E63-BFC3-115A833C2FD1}.Release|Mixed Platforms.ActiveCfg = Release|Any CPU
		{E7DCEF6D-2BCD-4E63-BFC3-115A833C2FD1}.Release|Mixed Platforms.Build.0 = Release|Any CPU
		{E7DCEF6D-2BCD-4E63-BFC3-115A833C2FD1}.Release|x86.ActiveCfg = Release|Any CPU
		{E7DCEF6D-2BCD-4E63-BFC3-115A833C2FD1}.Release|x86.Build.0 = Release|Any CPU
		{E7DCEF6D-2BCD-4E63-BFC3-115A833C2FD1}.Test|Any CPU.ActiveCfg = Debug|Any CPU
		{E7DCEF6D-2BCD-4E63-BFC3-115A833C2FD1}.Test|Any CPU.Build.0 = Debug|Any CPU
		{E7DCEF6D-2BCD-4E63-BFC3-115A833C2FD1}.Test|Mixed Platforms.ActiveCfg = Debug|Any CPU
		{E7DCEF6D-2BCD-4E63-BFC3-115A833C2FD1}.Test|Mixed Platforms.Build.0 = Debug|Any CPU
		{E7DCEF6D-2BCD-4E63-BFC3-115A833C2FD1}.Test|x86.ActiveCfg = Debug|Any CPU
		{E7DCEF6D-2BCD-4E63-BFC3-115A833C2FD1}.Test|x86.Build.0 = Debug|Any CPU
		{0959955E-80FD-40D5-BACF-C01919ADBA8C}.Debug|Any CPU.ActiveCfg = Debug|Any CPU
		{0959955E-80FD-40D5-BACF-C01919ADBA8C}.Debug|Any CPU.Build.0 = Debug|Any CPU
		{0959955E-80FD-40D5-BACF-C01919ADBA8C}.Debug|Mixed Platforms.ActiveCfg = Debug|Any CPU
		{0959955E-80FD-40D5-BACF-C01919ADBA8C}.Debug|Mixed Platforms.Build.0 = Debug|Any CPU
		{0959955E-80FD-40D5-BACF-C01919ADBA8C}.Debug|x86.ActiveCfg = Debug|Any CPU
		{0959955E-80FD-40D5-BACF-C01919ADBA8C}.Debug|x86.Build.0 = Debug|Any CPU
		{0959955E-80FD-40D5-BACF-C01919ADBA8C}.Dev2|Any CPU.ActiveCfg = Debug|Any CPU
		{0959955E-80FD-40D5-BACF-C01919ADBA8C}.Dev2|Any CPU.Build.0 = Debug|Any CPU
		{0959955E-80FD-40D5-BACF-C01919ADBA8C}.Dev2|Mixed Platforms.ActiveCfg = Debug|Any CPU
		{0959955E-80FD-40D5-BACF-C01919ADBA8C}.Dev2|Mixed Platforms.Build.0 = Debug|Any CPU
		{0959955E-80FD-40D5-BACF-C01919ADBA8C}.Dev2|x86.ActiveCfg = Debug|Any CPU
		{0959955E-80FD-40D5-BACF-C01919ADBA8C}.Dev2|x86.Build.0 = Debug|Any CPU
		{0959955E-80FD-40D5-BACF-C01919ADBA8C}.Development|Any CPU.ActiveCfg = Debug|Any CPU
		{0959955E-80FD-40D5-BACF-C01919ADBA8C}.Development|Any CPU.Build.0 = Debug|Any CPU
		{0959955E-80FD-40D5-BACF-C01919ADBA8C}.Development|Mixed Platforms.ActiveCfg = Debug|Any CPU
		{0959955E-80FD-40D5-BACF-C01919ADBA8C}.Development|Mixed Platforms.Build.0 = Debug|Any CPU
		{0959955E-80FD-40D5-BACF-C01919ADBA8C}.Development|x86.ActiveCfg = Debug|Any CPU
		{0959955E-80FD-40D5-BACF-C01919ADBA8C}.Development|x86.Build.0 = Debug|Any CPU
		{0959955E-80FD-40D5-BACF-C01919ADBA8C}.PreProduction|Any CPU.ActiveCfg = Debug|Any CPU
		{0959955E-80FD-40D5-BACF-C01919ADBA8C}.PreProduction|Any CPU.Build.0 = Debug|Any CPU
		{0959955E-80FD-40D5-BACF-C01919ADBA8C}.PreProduction|Mixed Platforms.ActiveCfg = Debug|Any CPU
		{0959955E-80FD-40D5-BACF-C01919ADBA8C}.PreProduction|Mixed Platforms.Build.0 = Debug|Any CPU
		{0959955E-80FD-40D5-BACF-C01919ADBA8C}.PreProduction|x86.ActiveCfg = Debug|Any CPU
		{0959955E-80FD-40D5-BACF-C01919ADBA8C}.PreProduction|x86.Build.0 = Debug|Any CPU
		{0959955E-80FD-40D5-BACF-C01919ADBA8C}.Production|Any CPU.ActiveCfg = Debug|Any CPU
		{0959955E-80FD-40D5-BACF-C01919ADBA8C}.Production|Any CPU.Build.0 = Debug|Any CPU
		{0959955E-80FD-40D5-BACF-C01919ADBA8C}.Production|Mixed Platforms.ActiveCfg = Debug|Any CPU
		{0959955E-80FD-40D5-BACF-C01919ADBA8C}.Production|Mixed Platforms.Build.0 = Debug|Any CPU
		{0959955E-80FD-40D5-BACF-C01919ADBA8C}.Production|x86.ActiveCfg = Debug|Any CPU
		{0959955E-80FD-40D5-BACF-C01919ADBA8C}.Production|x86.Build.0 = Debug|Any CPU
		{0959955E-80FD-40D5-BACF-C01919ADBA8C}.Release|Any CPU.ActiveCfg = Release|Any CPU
		{0959955E-80FD-40D5-BACF-C01919ADBA8C}.Release|Any CPU.Build.0 = Release|Any CPU
		{0959955E-80FD-40D5-BACF-C01919ADBA8C}.Release|Mixed Platforms.ActiveCfg = Release|Any CPU
		{0959955E-80FD-40D5-BACF-C01919ADBA8C}.Release|Mixed Platforms.Build.0 = Release|Any CPU
		{0959955E-80FD-40D5-BACF-C01919ADBA8C}.Release|x86.ActiveCfg = Release|Any CPU
		{0959955E-80FD-40D5-BACF-C01919ADBA8C}.Release|x86.Build.0 = Release|Any CPU
		{0959955E-80FD-40D5-BACF-C01919ADBA8C}.Test|Any CPU.ActiveCfg = Debug|Any CPU
		{0959955E-80FD-40D5-BACF-C01919ADBA8C}.Test|Any CPU.Build.0 = Debug|Any CPU
		{0959955E-80FD-40D5-BACF-C01919ADBA8C}.Test|Mixed Platforms.ActiveCfg = Debug|Any CPU
		{0959955E-80FD-40D5-BACF-C01919ADBA8C}.Test|Mixed Platforms.Build.0 = Debug|Any CPU
		{0959955E-80FD-40D5-BACF-C01919ADBA8C}.Test|x86.ActiveCfg = Debug|Any CPU
		{0959955E-80FD-40D5-BACF-C01919ADBA8C}.Test|x86.Build.0 = Debug|Any CPU
		{436B3369-3980-4CD5-9E68-461E40A4FFE2}.Debug|Any CPU.ActiveCfg = Debug|Any CPU
		{436B3369-3980-4CD5-9E68-461E40A4FFE2}.Debug|Any CPU.Build.0 = Debug|Any CPU
		{436B3369-3980-4CD5-9E68-461E40A4FFE2}.Debug|Mixed Platforms.ActiveCfg = Debug|Any CPU
		{436B3369-3980-4CD5-9E68-461E40A4FFE2}.Debug|Mixed Platforms.Build.0 = Debug|Any CPU
		{436B3369-3980-4CD5-9E68-461E40A4FFE2}.Debug|x86.ActiveCfg = Debug|Any CPU
		{436B3369-3980-4CD5-9E68-461E40A4FFE2}.Debug|x86.Build.0 = Debug|Any CPU
		{436B3369-3980-4CD5-9E68-461E40A4FFE2}.Dev2|Any CPU.ActiveCfg = Debug|Any CPU
		{436B3369-3980-4CD5-9E68-461E40A4FFE2}.Dev2|Any CPU.Build.0 = Debug|Any CPU
		{436B3369-3980-4CD5-9E68-461E40A4FFE2}.Dev2|Mixed Platforms.ActiveCfg = Debug|Any CPU
		{436B3369-3980-4CD5-9E68-461E40A4FFE2}.Dev2|Mixed Platforms.Build.0 = Debug|Any CPU
		{436B3369-3980-4CD5-9E68-461E40A4FFE2}.Dev2|x86.ActiveCfg = Debug|Any CPU
		{436B3369-3980-4CD5-9E68-461E40A4FFE2}.Dev2|x86.Build.0 = Debug|Any CPU
		{436B3369-3980-4CD5-9E68-461E40A4FFE2}.Development|Any CPU.ActiveCfg = Debug|Any CPU
		{436B3369-3980-4CD5-9E68-461E40A4FFE2}.Development|Any CPU.Build.0 = Debug|Any CPU
		{436B3369-3980-4CD5-9E68-461E40A4FFE2}.Development|Mixed Platforms.ActiveCfg = Debug|Any CPU
		{436B3369-3980-4CD5-9E68-461E40A4FFE2}.Development|Mixed Platforms.Build.0 = Debug|Any CPU
		{436B3369-3980-4CD5-9E68-461E40A4FFE2}.Development|x86.ActiveCfg = Debug|Any CPU
		{436B3369-3980-4CD5-9E68-461E40A4FFE2}.Development|x86.Build.0 = Debug|Any CPU
		{436B3369-3980-4CD5-9E68-461E40A4FFE2}.PreProduction|Any CPU.ActiveCfg = Release|Any CPU
		{436B3369-3980-4CD5-9E68-461E40A4FFE2}.PreProduction|Any CPU.Build.0 = Release|Any CPU
		{436B3369-3980-4CD5-9E68-461E40A4FFE2}.PreProduction|Mixed Platforms.ActiveCfg = Release|Any CPU
		{436B3369-3980-4CD5-9E68-461E40A4FFE2}.PreProduction|Mixed Platforms.Build.0 = Release|Any CPU
		{436B3369-3980-4CD5-9E68-461E40A4FFE2}.PreProduction|x86.ActiveCfg = Release|Any CPU
		{436B3369-3980-4CD5-9E68-461E40A4FFE2}.PreProduction|x86.Build.0 = Release|Any CPU
		{436B3369-3980-4CD5-9E68-461E40A4FFE2}.Production|Any CPU.ActiveCfg = Release|Any CPU
		{436B3369-3980-4CD5-9E68-461E40A4FFE2}.Production|Any CPU.Build.0 = Release|Any CPU
		{436B3369-3980-4CD5-9E68-461E40A4FFE2}.Production|Mixed Platforms.ActiveCfg = Release|Any CPU
		{436B3369-3980-4CD5-9E68-461E40A4FFE2}.Production|Mixed Platforms.Build.0 = Release|Any CPU
		{436B3369-3980-4CD5-9E68-461E40A4FFE2}.Production|x86.ActiveCfg = Release|Any CPU
		{436B3369-3980-4CD5-9E68-461E40A4FFE2}.Production|x86.Build.0 = Release|Any CPU
		{436B3369-3980-4CD5-9E68-461E40A4FFE2}.Release|Any CPU.ActiveCfg = Release|Any CPU
		{436B3369-3980-4CD5-9E68-461E40A4FFE2}.Release|Any CPU.Build.0 = Release|Any CPU
		{436B3369-3980-4CD5-9E68-461E40A4FFE2}.Release|Mixed Platforms.ActiveCfg = Release|Any CPU
		{436B3369-3980-4CD5-9E68-461E40A4FFE2}.Release|Mixed Platforms.Build.0 = Release|Any CPU
		{436B3369-3980-4CD5-9E68-461E40A4FFE2}.Release|x86.ActiveCfg = Release|Any CPU
		{436B3369-3980-4CD5-9E68-461E40A4FFE2}.Release|x86.Build.0 = Release|Any CPU
		{436B3369-3980-4CD5-9E68-461E40A4FFE2}.Test|Any CPU.ActiveCfg = Release|Any CPU
		{436B3369-3980-4CD5-9E68-461E40A4FFE2}.Test|Any CPU.Build.0 = Release|Any CPU
		{436B3369-3980-4CD5-9E68-461E40A4FFE2}.Test|Mixed Platforms.ActiveCfg = Release|Any CPU
		{436B3369-3980-4CD5-9E68-461E40A4FFE2}.Test|Mixed Platforms.Build.0 = Release|Any CPU
		{436B3369-3980-4CD5-9E68-461E40A4FFE2}.Test|x86.ActiveCfg = Release|Any CPU
		{436B3369-3980-4CD5-9E68-461E40A4FFE2}.Test|x86.Build.0 = Release|Any CPU
		{00C9F471-1C7B-42D2-83CE-79CEBB8D654A}.Debug|Any CPU.ActiveCfg = Debug|Any CPU
		{00C9F471-1C7B-42D2-83CE-79CEBB8D654A}.Debug|Any CPU.Build.0 = Debug|Any CPU
		{00C9F471-1C7B-42D2-83CE-79CEBB8D654A}.Debug|Mixed Platforms.ActiveCfg = Debug|Any CPU
		{00C9F471-1C7B-42D2-83CE-79CEBB8D654A}.Debug|Mixed Platforms.Build.0 = Debug|Any CPU
		{00C9F471-1C7B-42D2-83CE-79CEBB8D654A}.Debug|x86.ActiveCfg = Debug|Any CPU
		{00C9F471-1C7B-42D2-83CE-79CEBB8D654A}.Debug|x86.Build.0 = Debug|Any CPU
		{00C9F471-1C7B-42D2-83CE-79CEBB8D654A}.Dev2|Any CPU.ActiveCfg = Debug|Any CPU
		{00C9F471-1C7B-42D2-83CE-79CEBB8D654A}.Dev2|Any CPU.Build.0 = Debug|Any CPU
		{00C9F471-1C7B-42D2-83CE-79CEBB8D654A}.Dev2|Mixed Platforms.ActiveCfg = Debug|Any CPU
		{00C9F471-1C7B-42D2-83CE-79CEBB8D654A}.Dev2|Mixed Platforms.Build.0 = Debug|Any CPU
		{00C9F471-1C7B-42D2-83CE-79CEBB8D654A}.Dev2|x86.ActiveCfg = Debug|Any CPU
		{00C9F471-1C7B-42D2-83CE-79CEBB8D654A}.Dev2|x86.Build.0 = Debug|Any CPU
		{00C9F471-1C7B-42D2-83CE-79CEBB8D654A}.Development|Any CPU.ActiveCfg = Debug|Any CPU
		{00C9F471-1C7B-42D2-83CE-79CEBB8D654A}.Development|Any CPU.Build.0 = Debug|Any CPU
		{00C9F471-1C7B-42D2-83CE-79CEBB8D654A}.Development|Mixed Platforms.ActiveCfg = Debug|Any CPU
		{00C9F471-1C7B-42D2-83CE-79CEBB8D654A}.Development|Mixed Platforms.Build.0 = Debug|Any CPU
		{00C9F471-1C7B-42D2-83CE-79CEBB8D654A}.Development|x86.ActiveCfg = Debug|Any CPU
		{00C9F471-1C7B-42D2-83CE-79CEBB8D654A}.Development|x86.Build.0 = Debug|Any CPU
		{00C9F471-1C7B-42D2-83CE-79CEBB8D654A}.PreProduction|Any CPU.ActiveCfg = Release|Any CPU
		{00C9F471-1C7B-42D2-83CE-79CEBB8D654A}.PreProduction|Any CPU.Build.0 = Release|Any CPU
		{00C9F471-1C7B-42D2-83CE-79CEBB8D654A}.PreProduction|Mixed Platforms.ActiveCfg = Release|Any CPU
		{00C9F471-1C7B-42D2-83CE-79CEBB8D654A}.PreProduction|Mixed Platforms.Build.0 = Release|Any CPU
		{00C9F471-1C7B-42D2-83CE-79CEBB8D654A}.PreProduction|x86.ActiveCfg = Release|Any CPU
		{00C9F471-1C7B-42D2-83CE-79CEBB8D654A}.PreProduction|x86.Build.0 = Release|Any CPU
		{00C9F471-1C7B-42D2-83CE-79CEBB8D654A}.Production|Any CPU.ActiveCfg = Release|Any CPU
		{00C9F471-1C7B-42D2-83CE-79CEBB8D654A}.Production|Any CPU.Build.0 = Release|Any CPU
		{00C9F471-1C7B-42D2-83CE-79CEBB8D654A}.Production|Mixed Platforms.ActiveCfg = Release|Any CPU
		{00C9F471-1C7B-42D2-83CE-79CEBB8D654A}.Production|Mixed Platforms.Build.0 = Release|Any CPU
		{00C9F471-1C7B-42D2-83CE-79CEBB8D654A}.Production|x86.ActiveCfg = Release|Any CPU
		{00C9F471-1C7B-42D2-83CE-79CEBB8D654A}.Production|x86.Build.0 = Release|Any CPU
		{00C9F471-1C7B-42D2-83CE-79CEBB8D654A}.Release|Any CPU.ActiveCfg = Release|Any CPU
		{00C9F471-1C7B-42D2-83CE-79CEBB8D654A}.Release|Any CPU.Build.0 = Release|Any CPU
		{00C9F471-1C7B-42D2-83CE-79CEBB8D654A}.Release|Mixed Platforms.ActiveCfg = Release|Any CPU
		{00C9F471-1C7B-42D2-83CE-79CEBB8D654A}.Release|Mixed Platforms.Build.0 = Release|Any CPU
		{00C9F471-1C7B-42D2-83CE-79CEBB8D654A}.Release|x86.ActiveCfg = Release|Any CPU
		{00C9F471-1C7B-42D2-83CE-79CEBB8D654A}.Release|x86.Build.0 = Release|Any CPU
		{00C9F471-1C7B-42D2-83CE-79CEBB8D654A}.Test|Any CPU.ActiveCfg = Release|Any CPU
		{00C9F471-1C7B-42D2-83CE-79CEBB8D654A}.Test|Any CPU.Build.0 = Release|Any CPU
		{00C9F471-1C7B-42D2-83CE-79CEBB8D654A}.Test|Mixed Platforms.ActiveCfg = Release|Any CPU
		{00C9F471-1C7B-42D2-83CE-79CEBB8D654A}.Test|Mixed Platforms.Build.0 = Release|Any CPU
		{00C9F471-1C7B-42D2-83CE-79CEBB8D654A}.Test|x86.ActiveCfg = Release|Any CPU
		{00C9F471-1C7B-42D2-83CE-79CEBB8D654A}.Test|x86.Build.0 = Release|Any CPU
		{1B7373BE-CDB9-4038-9DA6-753F8A4334F8}.Debug|Any CPU.ActiveCfg = Debug|Any CPU
		{1B7373BE-CDB9-4038-9DA6-753F8A4334F8}.Debug|Any CPU.Build.0 = Debug|Any CPU
		{1B7373BE-CDB9-4038-9DA6-753F8A4334F8}.Debug|Mixed Platforms.ActiveCfg = Debug|Any CPU
		{1B7373BE-CDB9-4038-9DA6-753F8A4334F8}.Debug|Mixed Platforms.Build.0 = Debug|Any CPU
		{1B7373BE-CDB9-4038-9DA6-753F8A4334F8}.Debug|x86.ActiveCfg = Debug|Any CPU
		{1B7373BE-CDB9-4038-9DA6-753F8A4334F8}.Debug|x86.Build.0 = Debug|Any CPU
		{1B7373BE-CDB9-4038-9DA6-753F8A4334F8}.Dev2|Any CPU.ActiveCfg = Debug|Any CPU
		{1B7373BE-CDB9-4038-9DA6-753F8A4334F8}.Dev2|Any CPU.Build.0 = Debug|Any CPU
		{1B7373BE-CDB9-4038-9DA6-753F8A4334F8}.Dev2|Mixed Platforms.ActiveCfg = Debug|Any CPU
		{1B7373BE-CDB9-4038-9DA6-753F8A4334F8}.Dev2|Mixed Platforms.Build.0 = Debug|Any CPU
		{1B7373BE-CDB9-4038-9DA6-753F8A4334F8}.Dev2|x86.ActiveCfg = Debug|Any CPU
		{1B7373BE-CDB9-4038-9DA6-753F8A4334F8}.Dev2|x86.Build.0 = Debug|Any CPU
		{1B7373BE-CDB9-4038-9DA6-753F8A4334F8}.Development|Any CPU.ActiveCfg = Debug|Any CPU
		{1B7373BE-CDB9-4038-9DA6-753F8A4334F8}.Development|Any CPU.Build.0 = Debug|Any CPU
		{1B7373BE-CDB9-4038-9DA6-753F8A4334F8}.Development|Mixed Platforms.ActiveCfg = Debug|Any CPU
		{1B7373BE-CDB9-4038-9DA6-753F8A4334F8}.Development|Mixed Platforms.Build.0 = Debug|Any CPU
		{1B7373BE-CDB9-4038-9DA6-753F8A4334F8}.Development|x86.ActiveCfg = Debug|Any CPU
		{1B7373BE-CDB9-4038-9DA6-753F8A4334F8}.Development|x86.Build.0 = Debug|Any CPU
		{1B7373BE-CDB9-4038-9DA6-753F8A4334F8}.PreProduction|Any CPU.ActiveCfg = Release|Any CPU
		{1B7373BE-CDB9-4038-9DA6-753F8A4334F8}.PreProduction|Any CPU.Build.0 = Release|Any CPU
		{1B7373BE-CDB9-4038-9DA6-753F8A4334F8}.PreProduction|Mixed Platforms.ActiveCfg = Release|Any CPU
		{1B7373BE-CDB9-4038-9DA6-753F8A4334F8}.PreProduction|Mixed Platforms.Build.0 = Release|Any CPU
		{1B7373BE-CDB9-4038-9DA6-753F8A4334F8}.PreProduction|x86.ActiveCfg = Release|Any CPU
		{1B7373BE-CDB9-4038-9DA6-753F8A4334F8}.PreProduction|x86.Build.0 = Release|Any CPU
		{1B7373BE-CDB9-4038-9DA6-753F8A4334F8}.Production|Any CPU.ActiveCfg = Release|Any CPU
		{1B7373BE-CDB9-4038-9DA6-753F8A4334F8}.Production|Any CPU.Build.0 = Release|Any CPU
		{1B7373BE-CDB9-4038-9DA6-753F8A4334F8}.Production|Mixed Platforms.ActiveCfg = Release|Any CPU
		{1B7373BE-CDB9-4038-9DA6-753F8A4334F8}.Production|Mixed Platforms.Build.0 = Release|Any CPU
		{1B7373BE-CDB9-4038-9DA6-753F8A4334F8}.Production|x86.ActiveCfg = Release|Any CPU
		{1B7373BE-CDB9-4038-9DA6-753F8A4334F8}.Production|x86.Build.0 = Release|Any CPU
		{1B7373BE-CDB9-4038-9DA6-753F8A4334F8}.Release|Any CPU.ActiveCfg = Release|Any CPU
		{1B7373BE-CDB9-4038-9DA6-753F8A4334F8}.Release|Any CPU.Build.0 = Release|Any CPU
		{1B7373BE-CDB9-4038-9DA6-753F8A4334F8}.Release|Mixed Platforms.ActiveCfg = Release|Any CPU
		{1B7373BE-CDB9-4038-9DA6-753F8A4334F8}.Release|Mixed Platforms.Build.0 = Release|Any CPU
		{1B7373BE-CDB9-4038-9DA6-753F8A4334F8}.Release|x86.ActiveCfg = Release|Any CPU
		{1B7373BE-CDB9-4038-9DA6-753F8A4334F8}.Release|x86.Build.0 = Release|Any CPU
		{1B7373BE-CDB9-4038-9DA6-753F8A4334F8}.Test|Any CPU.ActiveCfg = Release|Any CPU
		{1B7373BE-CDB9-4038-9DA6-753F8A4334F8}.Test|Any CPU.Build.0 = Release|Any CPU
		{1B7373BE-CDB9-4038-9DA6-753F8A4334F8}.Test|Mixed Platforms.ActiveCfg = Release|Any CPU
		{1B7373BE-CDB9-4038-9DA6-753F8A4334F8}.Test|Mixed Platforms.Build.0 = Release|Any CPU
		{1B7373BE-CDB9-4038-9DA6-753F8A4334F8}.Test|x86.ActiveCfg = Release|Any CPU
		{1B7373BE-CDB9-4038-9DA6-753F8A4334F8}.Test|x86.Build.0 = Release|Any CPU
	EndGlobalSection
	GlobalSection(SolutionProperties) = preSolution
		HideSolutionNode = FALSE
	EndGlobalSection
	GlobalSection(NestedProjects) = preSolution
		{13F0F003-4A1D-4DAD-8F09-70E5A303D914} = {637DFBD9-3790-4FC6-97EF-F4A0A6B04D2E}
		{4A91ED6A-7269-4DC5-9979-39E21F901404} = {637DFBD9-3790-4FC6-97EF-F4A0A6B04D2E}
		{4648B419-C047-4A82-8599-B3741E3DD11E} = {637DFBD9-3790-4FC6-97EF-F4A0A6B04D2E}
		{F4B1F929-2624-468A-A21B-47A04DC312A7} = {637DFBD9-3790-4FC6-97EF-F4A0A6B04D2E}
		{D907848F-8F27-4AD2-AE79-A830AD084620} = {637DFBD9-3790-4FC6-97EF-F4A0A6B04D2E}
		{209FA716-A7AD-4095-BD70-C8710FC66FA7} = {637DFBD9-3790-4FC6-97EF-F4A0A6B04D2E}
		{8FF0E94C-E925-4020-84B0-A5F23C77E3D1} = {637DFBD9-3790-4FC6-97EF-F4A0A6B04D2E}
		{AF1A04EE-98FC-4A92-81BC-9743A7F55DBD} = {637DFBD9-3790-4FC6-97EF-F4A0A6B04D2E}
	EndGlobalSection
	GlobalSection(ExtensibilityGlobals) = postSolution
		SolutionGuid = {3A433DDC-9F0E-4290-8775-05C2A8B8FAED}
	EndGlobalSection
	GlobalSection(TeamFoundationVersionControl) = preSolution
		SccNumberOfProjects = 21
		SccEnterpriseProvider = {4CA58AB2-18FA-4F8D-95D4-32DDF27D184C}
		SccTeamFoundationServer = https://vestas.visualstudio.com/defaultcollection
		SccProjectUniqueName0 = Cir.Azure.CirSyncJob\\Cir.Azure.CirSyncJob.csproj
		SccProjectName0 = Cir.Azure.CirSyncJob
		SccAuxPath0 = https://vestas.visualstudio.com/DefaultCollection
		SccLocalPath0 = Cir.Azure.CirSyncJob
		SccProvider0 = {4CA58AB2-18FA-4F8D-95D4-32DDF27D184C}
		SccProjectUniqueName1 = Cir.WebApp.Offline\\Cir.WebApp.Offline.csproj
		SccProjectTopLevelParentUniqueName1 = Cir-Offline.sln
		SccProjectName1 = Cir.WebApp.Offline
		SccAuxPath1 = https://vestas.visualstudio.com/defaultcollection
		SccLocalPath1 = Cir.WebApp.Offline
		SccProvider1 = {4CA58AB2-18FA-4F8D-95D4-32DDF27D184C}
		SccProjectUniqueName2 = Cir.Common\\Cir.Common.csproj
		SccProjectTopLevelParentUniqueName2 = Cir-Offline.sln
		SccProjectName2 = Cir.Common
		SccAuxPath2 = https://vestas.visualstudio.com/defaultcollection
		SccLocalPath2 = Cir.Common
		SccProvider2 = {4CA58AB2-18FA-4F8D-95D4-32DDF27D184C}
		SccProjectUniqueName3 = Cir.Sync.Services\\Cir.Sync.Services.csproj
		SccProjectTopLevelParentUniqueName3 = Cir-Offline.sln
		SccProjectName3 = Cir.Sync.Services
		SccAuxPath3 = https://vestas.visualstudio.com/defaultcollection
		SccLocalPath3 = Cir.Sync.Services
		SccProvider3 = {4CA58AB2-18FA-4F8D-95D4-32DDF27D184C}
		SccProjectUniqueName4 = Cir.Sync.Service.Test\\Cir.Sync.Service.Test.csproj
		SccProjectTopLevelParentUniqueName4 = Cir-Offline.sln
		SccProjectName4 = Cir.Sync.Service.Test
		SccAuxPath4 = https://vestas.visualstudio.com/defaultcollection
		SccLocalPath4 = Cir.Sync.Service.Test
		SccProvider4 = {4CA58AB2-18FA-4F8D-95D4-32DDF27D184C}
		SccProjectUniqueName5 = Cir.Data.LLBLGen\\Cir.Data.LLBLGen.csproj
		SccProjectName5 = Cir.Data.LLBLGen
		SccAuxPath5 = https://vestas.visualstudio.com/defaultcollection
		SccLocalPath5 = Cir.Data.LLBLGen
		SccProvider5 = {4CA58AB2-18FA-4F8D-95D4-32DDF27D184C}
		SccProjectUniqueName6 = Cir.Data.LLBLGen\\Cir.Data.LLBLGenDBSpecific.csproj
		SccProjectName6 = Cir.Data.LLBLGen
		SccAuxPath6 = https://vestas.visualstudio.com/defaultcollection
		SccLocalPath6 = Cir.Data.LLBLGen
		SccProvider6 = {4CA58AB2-18FA-4F8D-95D4-32DDF27D184C}
		SccProjectUniqueName7 = Cir.Data.Access\\Cir.Data.Access.csproj
		SccProjectTopLevelParentUniqueName7 = Cir-Offline.sln
		SccProjectName7 = Cir.Data.Access
		SccAuxPath7 = https://vestas.visualstudio.com/defaultcollection
		SccLocalPath7 = Cir.Data.Access
		SccProvider7 = {4CA58AB2-18FA-4F8D-95D4-32DDF27D184C}
		SccProjectUniqueName8 = Cir.Azure.MobileApp.Service\\Cir.Azure.MobileApp.Service.csproj
		SccProjectTopLevelParentUniqueName8 = Cir-Offline.sln
		SccProjectName8 = Cir.Azure.MobileApp.Service
		SccAuxPath8 = https://vestas.visualstudio.com/defaultcollection
		SccLocalPath8 = Cir.Azure.MobileApp.Service
		SccProvider8 = {4CA58AB2-18FA-4F8D-95D4-32DDF27D184C}
		SccProjectUniqueName9 = CirCosmosDataSync\\CirCosmosDataSync.csproj
		SccProjectName9 = CirCosmosDataSync
		SccAuxPath9 = https://vestas.visualstudio.com/defaultcollection
		SccLocalPath9 = CirCosmosDataSync
		SccProvider9 = {4CA58AB2-18FA-4F8D-95D4-32DDF27D184C}
		SccProjectUniqueName10 = Cir.ComponentTemplates\\Cir.ComponentTemplates.csproj
		SccProjectName10 = Cir.ComponentTemplates
		SccAuxPath10 = https://vestas.visualstudio.com/defaultcollection
		SccLocalPath10 = Cir.ComponentTemplates
		SccProvider10 = {4CA58AB2-18FA-4F8D-95D4-32DDF27D184C}
		SccProjectUniqueName11 = Cir.ComponentTemplates.Test\\Cir.ComponentTemplates.Test.csproj
		SccProjectName11 = Cir.ComponentTemplates.Test
		SccAuxPath11 = https://vestas.visualstudio.com/defaultcollection
		SccLocalPath11 = Cir.ComponentTemplates.Test
		SccProvider11 = {4CA58AB2-18FA-4F8D-95D4-32DDF27D184C}
		SccProjectUniqueName12 = Cir.Data.Api\\Cir.Data.Api.csproj
		SccProjectTopLevelParentUniqueName12 = Cir-Offline.sln
		SccProjectName12 = Cir.Data.Api
		SccAuxPath12 = https://vestas.visualstudio.com/defaultcollection
		SccLocalPath12 = Cir.Data.Api
		SccProvider12 = {4CA58AB2-18FA-4F8D-95D4-32DDF27D184C}
		SccProjectUniqueName13 = Cir.CloudConvert.Wrapper\\Cir.CloudConvert.Wrapper.csproj
		SccProjectName13 = Cir.CloudConvert.Wrapper
		SccAuxPath13 = https://vestas.visualstudio.com/defaultcollection
		SccLocalPath13 = Cir.CloudConvert.Wrapper
		SccProvider13 = {4CA58AB2-18FA-4F8D-95D4-32DDF27D184C}
		SccProjectUniqueName14 = CirSQLDataMigration\\CirSQLDataMigration.csproj
		SccProjectName14 = CirSQLDataMigration
		SccAuxPath14 = https://vestas.visualstudio.com/defaultcollection
		SccLocalPath14 = CirSQLDataMigration
		SccProvider14 = {4CA58AB2-18FA-4F8D-95D4-32DDF27D184C}
		SccProjectUniqueName15 = ..\\CIM_ComponentInspectionReports\\CIR.Database\\CIR.Database.sqlproj
		SccProjectTopLevelParentUniqueName15 = Cir-Offline.sln
		SccProjectName15 = ../CIM_ComponentInspectionReports/CIR.Database
		SccAuxPath15 = https://vestas.visualstudio.com/defaultcollection
		SccLocalPath15 = ..\\CIM_ComponentInspectionReports\\CIR.Database
		SccProvider15 = {4CA58AB2-18FA-4F8D-95D4-32DDF27D184C}
		SccProjectUniqueName16 = Cir.Azure.Functions\\Cir.Azure.Functions.csproj
		SccProjectName16 = Cir.Azure.Functions
		SccAuxPath16 = https://vestas.visualstudio.com/defaultcollection
		SccLocalPath16 = Cir.Azure.Functions
		SccProvider16 = {4CA58AB2-18FA-4F8D-95D4-32DDF27D184C}
		SccProjectUniqueName17 = Cir.Repository\\Cir.Repository.csproj
		SccProjectName17 = Cir.Repository
		SccAuxPath17 = https://vestas.visualstudio.com/defaultcollection
		SccLocalPath17 = Cir.Repository
		SccProvider17 = {4CA58AB2-18FA-4F8D-95D4-32DDF27D184C}
		SccProjectUniqueName18 = CirCleanUpJob\\CirCleanUpJob.csproj
		SccProjectName18 = CirCleanUpJob
		SccAuxPath18 = https://vestas.visualstudio.com/defaultcollection
		SccLocalPath18 = CirCleanUpJob
		SccProvider18 = {4CA58AB2-18FA-4F8D-95D4-32DDF27D184C}
		SccProjectUniqueName19 = CirLockUnlockJob\\CirLockUnlockJob.csproj
		SccProjectName19 = CirLockUnlockJob
		SccAuxPath19 = https://vestas.visualstudio.com/defaultcollection
		SccLocalPath19 = CirLockUnlockJob
		SccProvider19 = {4CA58AB2-18FA-4F8D-95D4-32DDF27D184C}
		SccProjectUniqueName20 = CirImageMigrationJob\\CirImageMigrationJob.csproj
		SccProjectName20 = CirImageMigrationJob
		SccAuxPath20 = https://vestas.visualstudio.com/defaultcollection
		SccLocalPath20 = CirImageMigrationJob
		SccProvider20 = {4CA58AB2-18FA-4F8D-95D4-32DDF27D184C}
	EndGlobalSection
	GlobalSection(TestCaseManagementSettings) = postSolution
		CategoryFile = Cir3.vsmdi
	EndGlobalSection
EndGlobal
